
Microsoft Visual Studio Solution File, Format Version 12.00
# Visual Studio Version 16
VisualStudioVersion = 16.0.28606.126
MinimumVisualStudioVersion = 10.0.40219.1
Project("{9A19103F-16F7-4668-BE54-9A1E7A4F7556}") = "AutoMapperConsoleApp", "src-demo\AutoMapperConsoleApp\AutoMapperConsoleApp.csproj", "{C37BAE8C-5567-44B0-A32A-385A8B496936}"
EndProject
Project("{2150E333-8FDC-42A3-9474-1A3956D46DE8}") = "Concurrency", "Concurrency", "{9778A943-A32D-4C0E-BCDF-A1A5580B372B}"
EndProject
Project("{9A19103F-16F7-4668-BE54-9A1E7A4F7556}") = "Concurrency.TPL.ConsoleApp", "src-demo\Concurrency.TPL.ConsoleApp\Concurrency.TPL.ConsoleApp.csproj", "{01548BC8-BF76-4CD7-BF38-9ED3EB4C6B21}"
EndProject
Project("{9A19103F-16F7-4668-BE54-9A1E7A4F7556}") = "Demo.ClassLibrary", "src-demo\Demo.ClassLibrary\Demo.ClassLibrary.csproj", "{7E057649-7590-4140-9A56-CB19F003E584}"
EndProject
Project("{FAE04EC0-301F-11D3-BF4B-00C04F79EFBC}") = "BenchmarkDotNetExample", "src-demo\BenchmarkDotNetExample\BenchmarkDotNetExample.csproj", "{ABE807A8-2E32-4E0E-95C0-E5CBF9B878E9}"
EndProject
Global
	GlobalSection(SolutionConfigurationPlatforms) = preSolution
		Debug|Any CPU = Debug|Any CPU
		Release|Any CPU = Release|Any CPU
	EndGlobalSection
	GlobalSection(ProjectConfigurationPlatforms) = postSolution
		{C37BAE8C-5567-44B0-A32A-385A8B496936}.Debug|Any CPU.ActiveCfg = Debug|Any CPU
		{C37BAE8C-5567-44B0-A32A-385A8B496936}.Debug|Any CPU.Build.0 = Debug|Any CPU
		{C37BAE8C-5567-44B0-A32A-385A8B496936}.Release|Any CPU.ActiveCfg = Release|Any CPU
		{C37BAE8C-5567-44B0-A32A-385A8B496936}.Release|Any CPU.Build.0 = Release|Any CPU
		{01548BC8-BF76-4CD7-BF38-9ED3EB4C6B21}.Debug|Any CPU.ActiveCfg = Debug|Any CPU
		{01548BC8-BF76-4CD7-BF38-9ED3EB4C6B21}.Debug|Any CPU.Build.0 = Debug|Any CPU
		{01548BC8-BF76-4CD7-BF38-9ED3EB4C6B21}.Release|Any CPU.ActiveCfg = Release|Any CPU
		{01548BC8-BF76-4CD7-BF38-9ED3EB4C6B21}.Release|Any CPU.Build.0 = Release|Any CPU
		{7E057649-7590-4140-9A56-CB19F003E584}.Debug|Any CPU.ActiveCfg = Debug|Any CPU
		{7E057649-7590-4140-9A56-CB19F003E584}.Debug|Any CPU.Build.0 = Debug|Any CPU
		{7E057649-7590-4140-9A56-CB19F003E584}.Release|Any CPU.ActiveCfg = Release|Any CPU
		{7E057649-7590-4140-9A56-CB19F003E584}.Release|Any CPU.Build.0 = Release|Any CPU
		{ABE807A8-2E32-4E0E-95C0-E5CBF9B878E9}.Debug|Any CPU.ActiveCfg = Debug|Any CPU
		{ABE807A8-2E32-4E0E-95C0-E5CBF9B878E9}.Debug|Any CPU.Build.0 = Debug|Any CPU
		{ABE807A8-2E32-4E0E-95C0-E5CBF9B878E9}.Release|Any CPU.ActiveCfg = Release|Any CPU
		{ABE807A8-2E32-4E0E-95C0-E5CBF9B878E9}.Release|Any CPU.Build.0 = Release|Any CPU
	EndGlobalSection
	GlobalSection(SolutionProperties) = preSolution
		HideSolutionNode = FALSE
	EndGlobalSection
	GlobalSection(NestedProjects) = preSolution
		{01548BC8-BF76-4CD7-BF38-9ED3EB4C6B21} = {9778A943-A32D-4C0E-BCDF-A1A5580B372B}
	EndGlobalSection
	GlobalSection(ExtensibilityGlobals) = postSolution
		SolutionGuid = {D383794F-CC8D-4EBE-BB2E-DD117C21A080}
	EndGlobalSection
EndGlobal
