
Microsoft Visual Studio Solution File, Format Version 12.00
# Visual Studio Version 16
VisualStudioVersion = 16.0.28315.86
MinimumVisualStudioVersion = 10.0.40219.1
Project("{2150E333-8FDC-42A3-9474-1A3956D46DE8}") = "Fragment", "Fragment", "{F8063EA8-1B48-4263-8905-6EE337E2E827}"
EndProject
Project("{2150E333-8FDC-42A3-9474-1A3956D46DE8}") = "API", "API", "{9E04CC6D-364B-4266-9767-EA6D8402CD7D}"
EndProject
Project("{9A19103F-16F7-4668-BE54-9A1E7A4F7556}") = "Sample.API", "src\Sample.API\Sample.API.csproj", "{4612642D-67DF-4711-9612-7383D725B9B0}"
EndProject
Project("{2150E333-8FDC-42A3-9474-1A3956D46DE8}") = "Client-Winform", "Client-Winform", "{DD585B13-3CF2-4B39-8C56-2579176D336D}"
EndProject
Project("{9A19103F-16F7-4668-BE54-9A1E7A4F7556}") = "Sample.Fragment.ConsoleApp", "src\Fragment\Sample.Fragment.ConsoleApp\Sample.Fragment.ConsoleApp.csproj", "{DC582DC1-DA9D-43F8-B76E-1570560DF8F9}"
EndProject
Project("{9A19103F-16F7-4668-BE54-9A1E7A4F7556}") = "Sample.Fagment.Library", "src\Fragment\Sample.Fagment.Library\Sample.Fagment.Library.csproj", "{144EF2C4-B998-456C-BB1E-AAB9298AE995}"
EndProject
Project("{2150E333-8FDC-42A3-9474-1A3956D46DE8}") = "Utilities", "Utilities", "{58FE9954-59F8-4440-B6EE-F859872D08D7}"
EndProject
Project("{2150E333-8FDC-42A3-9474-1A3956D46DE8}") = "Design Patterns", "Design Patterns", "{AB06366D-8391-4721-BF40-2E845011FE91}"
EndProject
Project("{9A19103F-16F7-4668-BE54-9A1E7A4F7556}") = "Sample.DesignPatterns.01Intro", "src\DesignPatterns\Sample.DesignPatterns.01Intro\Sample.DesignPatterns.01Intro.csproj", "{BF64191D-3725-4E90-82F9-DA2810098F6C}"
EndProject
Project("{2150E333-8FDC-42A3-9474-1A3956D46DE8}") = "Data", "Data", "{E96A23CB-6DE7-40E0-B4A9-9C5177A218A3}"
EndProject
Project("{9A19103F-16F7-4668-BE54-9A1E7A4F7556}") = "Sample.DesignPatterns.02Observer", "src\DesignPatterns\Sample.DesignPatterns.02Observer\Sample.DesignPatterns.02Observer.csproj", "{86C372B4-D5BC-40C0-A488-57BF7F00CAE3}"
EndProject
Project("{2150E333-8FDC-42A3-9474-1A3956D46DE8}") = "Web", "Web", "{1C764BFA-5BCB-4665-AB1F-078E3B674B1C}"
EndProject
Project("{9A19103F-16F7-4668-BE54-9A1E7A4F7556}") = "Sample.Web", "src\Sample.Web\Sample.Web.csproj", "{95CA7AA9-5C3F-40E1-87C2-E58F49EA299F}"
EndProject
Project("{2150E333-8FDC-42A3-9474-1A3956D46DE8}") = "Share", "Share", "{29A9B47F-27E2-4B36-937C-728D79AB8B09}"
EndProject
Project("{9A19103F-16F7-4668-BE54-9A1E7A4F7556}") = "Sample.Enums", "src\Sample.Enums\Sample.Enums.csproj", "{D3F5B289-C3C7-4E69-8E64-FB0D8A3CFE43}"
EndProject
Project("{9A19103F-16F7-4668-BE54-9A1E7A4F7556}") = "Sample.DTO", "src\Sample.DTO\Sample.DTO.csproj", "{0AA3F92C-9F77-40A2-8163-DFB99E0FC761}"
EndProject
Project("{9A19103F-16F7-4668-BE54-9A1E7A4F7556}") = "Sample.Data.Entities", "src\Sample.Data.Entities\Sample.Data.Entities.csproj", "{44AF9C1B-8F0C-4189-8615-7D7FAB687FBD}"
EndProject
Project("{9A19103F-16F7-4668-BE54-9A1E7A4F7556}") = "Sample.Data.Access.Dapper", "src\Sample.Data.Access.Dapper\Sample.Data.Access.Dapper.csproj", "{C506316E-9DD8-4BE6-8698-33B119D8F586}"
EndProject
Project("{FAE04EC0-301F-11D3-BF4B-00C04F79EFBC}") = "Sample.WinformClient", "src\Sample.WinformClient\Sample.WinformClient.csproj", "{695C4698-0508-4803-8369-FB0715470F94}"
EndProject
Project("{FAE04EC0-301F-11D3-BF4B-00C04F79EFBC}") = "Sample.Utilities.Framework", "src\Sample.Utilities.Framework\Sample.Utilities.Framework.csproj", "{35F66CAF-9740-41CC-84E0-0E22CBFC96A6}"
EndProject
Global
	GlobalSection(SolutionConfigurationPlatforms) = preSolution
		Debug|Any CPU = Debug|Any CPU
		Release|Any CPU = Release|Any CPU
	EndGlobalSection
	GlobalSection(ProjectConfigurationPlatforms) = postSolution
		{4612642D-67DF-4711-9612-7383D725B9B0}.Debug|Any CPU.ActiveCfg = Debug|Any CPU
		{4612642D-67DF-4711-9612-7383D725B9B0}.Debug|Any CPU.Build.0 = Debug|Any CPU
		{4612642D-67DF-4711-9612-7383D725B9B0}.Release|Any CPU.ActiveCfg = Release|Any CPU
		{4612642D-67DF-4711-9612-7383D725B9B0}.Release|Any CPU.Build.0 = Release|Any CPU
		{DC582DC1-DA9D-43F8-B76E-1570560DF8F9}.Debug|Any CPU.ActiveCfg = Debug|Any CPU
		{DC582DC1-DA9D-43F8-B76E-1570560DF8F9}.Debug|Any CPU.Build.0 = Debug|Any CPU
		{DC582DC1-DA9D-43F8-B76E-1570560DF8F9}.Release|Any CPU.ActiveCfg = Release|Any CPU
		{DC582DC1-DA9D-43F8-B76E-1570560DF8F9}.Release|Any CPU.Build.0 = Release|Any CPU
		{144EF2C4-B998-456C-BB1E-AAB9298AE995}.Debug|Any CPU.ActiveCfg = Debug|Any CPU
		{144EF2C4-B998-456C-BB1E-AAB9298AE995}.Debug|Any CPU.Build.0 = Debug|Any CPU
		{144EF2C4-B998-456C-BB1E-AAB9298AE995}.Release|Any CPU.ActiveCfg = Release|Any CPU
		{144EF2C4-B998-456C-BB1E-AAB9298AE995}.Release|Any CPU.Build.0 = Release|Any CPU
		{BF64191D-3725-4E90-82F9-DA2810098F6C}.Debug|Any CPU.ActiveCfg = Debug|Any CPU
		{BF64191D-3725-4E90-82F9-DA2810098F6C}.Debug|Any CPU.Build.0 = Debug|Any CPU
		{BF64191D-3725-4E90-82F9-DA2810098F6C}.Release|Any CPU.ActiveCfg = Release|Any CPU
		{BF64191D-3725-4E90-82F9-DA2810098F6C}.Release|Any CPU.Build.0 = Release|Any CPU
		{86C372B4-D5BC-40C0-A488-57BF7F00CAE3}.Debug|Any CPU.ActiveCfg = Debug|Any CPU
		{86C372B4-D5BC-40C0-A488-57BF7F00CAE3}.Debug|Any CPU.Build.0 = Debug|Any CPU
		{86C372B4-D5BC-40C0-A488-57BF7F00CAE3}.Release|Any CPU.ActiveCfg = Release|Any CPU
		{86C372B4-D5BC-40C0-A488-57BF7F00CAE3}.Release|Any CPU.Build.0 = Release|Any CPU
		{95CA7AA9-5C3F-40E1-87C2-E58F49EA299F}.Debug|Any CPU.ActiveCfg = Debug|Any CPU
		{95CA7AA9-5C3F-40E1-87C2-E58F49EA299F}.Debug|Any CPU.Build.0 = Debug|Any CPU
		{95CA7AA9-5C3F-40E1-87C2-E58F49EA299F}.Release|Any CPU.ActiveCfg = Release|Any CPU
		{95CA7AA9-5C3F-40E1-87C2-E58F49EA299F}.Release|Any CPU.Build.0 = Release|Any CPU
		{D3F5B289-C3C7-4E69-8E64-FB0D8A3CFE43}.Debug|Any CPU.ActiveCfg = Debug|Any CPU
		{D3F5B289-C3C7-4E69-8E64-FB0D8A3CFE43}.Debug|Any CPU.Build.0 = Debug|Any CPU
		{D3F5B289-C3C7-4E69-8E64-FB0D8A3CFE43}.Release|Any CPU.ActiveCfg = Release|Any CPU
		{D3F5B289-C3C7-4E69-8E64-FB0D8A3CFE43}.Release|Any CPU.Build.0 = Release|Any CPU
		{0AA3F92C-9F77-40A2-8163-DFB99E0FC761}.Debug|Any CPU.ActiveCfg = Debug|Any CPU
		{0AA3F92C-9F77-40A2-8163-DFB99E0FC761}.Debug|Any CPU.Build.0 = Debug|Any CPU
		{0AA3F92C-9F77-40A2-8163-DFB99E0FC761}.Release|Any CPU.ActiveCfg = Release|Any CPU
		{0AA3F92C-9F77-40A2-8163-DFB99E0FC761}.Release|Any CPU.Build.0 = Release|Any CPU
		{44AF9C1B-8F0C-4189-8615-7D7FAB687FBD}.Debug|Any CPU.ActiveCfg = Debug|Any CPU
		{44AF9C1B-8F0C-4189-8615-7D7FAB687FBD}.Debug|Any CPU.Build.0 = Debug|Any CPU
		{44AF9C1B-8F0C-4189-8615-7D7FAB687FBD}.Release|Any CPU.ActiveCfg = Release|Any CPU
		{44AF9C1B-8F0C-4189-8615-7D7FAB687FBD}.Release|Any CPU.Build.0 = Release|Any CPU
		{C506316E-9DD8-4BE6-8698-33B119D8F586}.Debug|Any CPU.ActiveCfg = Debug|Any CPU
		{C506316E-9DD8-4BE6-8698-33B119D8F586}.Debug|Any CPU.Build.0 = Debug|Any CPU
		{C506316E-9DD8-4BE6-8698-33B119D8F586}.Release|Any CPU.ActiveCfg = Release|Any CPU
		{C506316E-9DD8-4BE6-8698-33B119D8F586}.Release|Any CPU.Build.0 = Release|Any CPU
		{695C4698-0508-4803-8369-FB0715470F94}.Debug|Any CPU.ActiveCfg = Debug|Any CPU
		{695C4698-0508-4803-8369-FB0715470F94}.Debug|Any CPU.Build.0 = Debug|Any CPU
		{695C4698-0508-4803-8369-FB0715470F94}.Release|Any CPU.ActiveCfg = Release|Any CPU
		{695C4698-0508-4803-8369-FB0715470F94}.Release|Any CPU.Build.0 = Release|Any CPU
		{35F66CAF-9740-41CC-84E0-0E22CBFC96A6}.Debug|Any CPU.ActiveCfg = Debug|Any CPU
		{35F66CAF-9740-41CC-84E0-0E22CBFC96A6}.Debug|Any CPU.Build.0 = Debug|Any CPU
		{35F66CAF-9740-41CC-84E0-0E22CBFC96A6}.Release|Any CPU.ActiveCfg = Release|Any CPU
		{35F66CAF-9740-41CC-84E0-0E22CBFC96A6}.Release|Any CPU.Build.0 = Release|Any CPU
	EndGlobalSection
	GlobalSection(SolutionProperties) = preSolution
		HideSolutionNode = FALSE
	EndGlobalSection
	GlobalSection(NestedProjects) = preSolution
		{4612642D-67DF-4711-9612-7383D725B9B0} = {9E04CC6D-364B-4266-9767-EA6D8402CD7D}
		{DC582DC1-DA9D-43F8-B76E-1570560DF8F9} = {F8063EA8-1B48-4263-8905-6EE337E2E827}
		{144EF2C4-B998-456C-BB1E-AAB9298AE995} = {F8063EA8-1B48-4263-8905-6EE337E2E827}
		{BF64191D-3725-4E90-82F9-DA2810098F6C} = {AB06366D-8391-4721-BF40-2E845011FE91}
		{86C372B4-D5BC-40C0-A488-57BF7F00CAE3} = {AB06366D-8391-4721-BF40-2E845011FE91}
		{95CA7AA9-5C3F-40E1-87C2-E58F49EA299F} = {1C764BFA-5BCB-4665-AB1F-078E3B674B1C}
		{D3F5B289-C3C7-4E69-8E64-FB0D8A3CFE43} = {29A9B47F-27E2-4B36-937C-728D79AB8B09}
		{0AA3F92C-9F77-40A2-8163-DFB99E0FC761} = {29A9B47F-27E2-4B36-937C-728D79AB8B09}
		{44AF9C1B-8F0C-4189-8615-7D7FAB687FBD} = {E96A23CB-6DE7-40E0-B4A9-9C5177A218A3}
		{C506316E-9DD8-4BE6-8698-33B119D8F586} = {E96A23CB-6DE7-40E0-B4A9-9C5177A218A3}
		{695C4698-0508-4803-8369-FB0715470F94} = {DD585B13-3CF2-4B39-8C56-2579176D336D}
		{35F66CAF-9740-41CC-84E0-0E22CBFC96A6} = {58FE9954-59F8-4440-B6EE-F859872D08D7}
	EndGlobalSection
	GlobalSection(ExtensibilityGlobals) = postSolution
		SolutionGuid = {383C701F-D5DB-40A5-A3CF-FA30E1A77A76}
	EndGlobalSection
EndGlobal
