
Microsoft Visual Studio Solution File, Format Version 12.00
# Visual Studio Version 16
VisualStudioVersion = 16.0.28922.388
MinimumVisualStudioVersion = 10.0.40219.1
Project("{9A19103F-16F7-4668-BE54-9A1E7A4F7556}") = "Sample.DotNet.CSharp", "src-dotnet\Sample.DotNet.CSharp\Sample.DotNet.CSharp.csproj", "{F61073C7-2E72-426C-9489-D4FA14E88EF8}"
EndProject
Project("{9A19103F-16F7-4668-BE54-9A1E7A4F7556}") = "Sample.DotNet.CSharp.ConsoleApp", "src-dotnet\Sample.DotNet.CSharp.ConsoleApp\Sample.DotNet.CSharp.ConsoleApp.csproj", "{42987C18-5BF7-45E2-9C33-3C487EA47AA8}"
EndProject
Global
	GlobalSection(SolutionConfigurationPlatforms) = preSolution
		Debug|Any CPU = Debug|Any CPU
		Release|Any CPU = Release|Any CPU
	EndGlobalSection
	GlobalSection(ProjectConfigurationPlatforms) = postSolution
		{F61073C7-2E72-426C-9489-D4FA14E88EF8}.Debug|Any CPU.ActiveCfg = Debug|Any CPU
		{F61073C7-2E72-426C-9489-D4FA14E88EF8}.Debug|Any CPU.Build.0 = Debug|Any CPU
		{F61073C7-2E72-426C-9489-D4FA14E88EF8}.Release|Any CPU.ActiveCfg = Release|Any CPU
		{F61073C7-2E72-426C-9489-D4FA14E88EF8}.Release|Any CPU.Build.0 = Release|Any CPU
		{42987C18-5BF7-45E2-9C33-3C487EA47AA8}.Debug|Any CPU.ActiveCfg = Debug|Any CPU
		{42987C18-5BF7-45E2-9C33-3C487EA47AA8}.Debug|Any CPU.Build.0 = Debug|Any CPU
		{42987C18-5BF7-45E2-9C33-3C487EA47AA8}.Release|Any CPU.ActiveCfg = Release|Any CPU
		{42987C18-5BF7-45E2-9C33-3C487EA47AA8}.Release|Any CPU.Build.0 = Release|Any CPU
	EndGlobalSection
	GlobalSection(SolutionProperties) = preSolution
		HideSolutionNode = FALSE
	EndGlobalSection
	GlobalSection(ExtensibilityGlobals) = postSolution
		SolutionGuid = {25A53033-02D0-4492-847B-C3FBB82B9B94}
	EndGlobalSection
EndGlobal
