
Microsoft Visual Studio Solution File, Format Version 12.00
# Visual Studio Version 16
VisualStudioVersion = 16.0.28315.86
MinimumVisualStudioVersion = 10.0.40219.1
Project("{2150E333-8FDC-42A3-9474-1A3956D46DE8}") = "99.Fragment", "99.Fragment", "{F8063EA8-1B48-4263-8905-6EE337E2E827}"
EndProject
Project("{2150E333-8FDC-42A3-9474-1A3956D46DE8}") = "01.Presentation", "01.Presentation", "{9E04CC6D-364B-4266-9767-EA6D8402CD7D}"
EndProject
Project("{9A19103F-16F7-4668-BE54-9A1E7A4F7556}") = "Sample.API", "src\Sample.API\Sample.API.csproj", "{4612642D-67DF-4711-9612-7383D725B9B0}"
EndProject
Project("{9A19103F-16F7-4668-BE54-9A1E7A4F7556}") = "Sample.Fragment.ConsoleApp", "src\Fragment\Sample.Fragment.ConsoleApp\Sample.Fragment.ConsoleApp.csproj", "{DC582DC1-DA9D-43F8-B76E-1570560DF8F9}"
EndProject
Project("{2150E333-8FDC-42A3-9474-1A3956D46DE8}") = "09.Utilities-Share", "09.Utilities-Share", "{58FE9954-59F8-4440-B6EE-F859872D08D7}"
EndProject
Project("{2150E333-8FDC-42A3-9474-1A3956D46DE8}") = "98.Design Patterns", "98.Design Patterns", "{AB06366D-8391-4721-BF40-2E845011FE91}"
EndProject
Project("{9A19103F-16F7-4668-BE54-9A1E7A4F7556}") = "Sample.DesignPatterns.01Intro", "src\DesignPatterns\Sample.DesignPatterns.01Intro\Sample.DesignPatterns.01Intro.csproj", "{BF64191D-3725-4E90-82F9-DA2810098F6C}"
EndProject
Project("{2150E333-8FDC-42A3-9474-1A3956D46DE8}") = "03.DataAccess", "03.DataAccess", "{E96A23CB-6DE7-40E0-B4A9-9C5177A218A3}"
EndProject
Project("{9A19103F-16F7-4668-BE54-9A1E7A4F7556}") = "Sample.DesignPatterns.02Observer", "src\DesignPatterns\Sample.DesignPatterns.02Observer\Sample.DesignPatterns.02Observer.csproj", "{86C372B4-D5BC-40C0-A488-57BF7F00CAE3}"
EndProject
Project("{9A19103F-16F7-4668-BE54-9A1E7A4F7556}") = "Sample.Web", "src\Sample.Web\Sample.Web.csproj", "{95CA7AA9-5C3F-40E1-87C2-E58F49EA299F}"
EndProject
Project("{9A19103F-16F7-4668-BE54-9A1E7A4F7556}") = "Sample.DTO", "src\Sample.DTO\Sample.DTO.csproj", "{0AA3F92C-9F77-40A2-8163-DFB99E0FC761}"
EndProject
Project("{9A19103F-16F7-4668-BE54-9A1E7A4F7556}") = "Sample.Data.Entities", "src\Sample.Data.Entities\Sample.Data.Entities.csproj", "{44AF9C1B-8F0C-4189-8615-7D7FAB687FBD}"
EndProject
Project("{9A19103F-16F7-4668-BE54-9A1E7A4F7556}") = "Sample.Data.Access.Dapper", "src\Sample.Data.Access.Dapper\Sample.Data.Access.Dapper.csproj", "{C506316E-9DD8-4BE6-8698-33B119D8F586}"
EndProject
Project("{FAE04EC0-301F-11D3-BF4B-00C04F79EFBC}") = "Sample.WinformClient", "src\Sample.WinformClient\Sample.WinformClient.csproj", "{695C4698-0508-4803-8369-FB0715470F94}"
EndProject
Project("{FAE04EC0-301F-11D3-BF4B-00C04F79EFBC}") = "Sample.Utilities.Framework", "src\Sample.Utilities.Framework\Sample.Utilities.Framework.csproj", "{35F66CAF-9740-41CC-84E0-0E22CBFC96A6}"
EndProject
Project("{2150E333-8FDC-42A3-9474-1A3956D46DE8}") = "08.Entity", "08.Entity", "{CBA40E9A-5AF3-4390-9CFC-6AB96FF2B376}"
EndProject
Project("{9A19103F-16F7-4668-BE54-9A1E7A4F7556}") = "Sample.Share", "src\Sample.Share\Sample.Share.csproj", "{E9B8B147-0F74-4774-AE57-4D67CEB9EEB5}"
EndProject
Project("{2150E333-8FDC-42A3-9474-1A3956D46DE8}") = "00.Test", "00.Test", "{3A07D29B-58C6-4180-BFC5-AF555DB9C321}"
EndProject
Project("{FAE04EC0-301F-11D3-BF4B-00C04F79EFBC}") = "Sample.Utilities.Framework.Tests", "test\Sample.Utilities.Framework.Tests\Sample.Utilities.Framework.Tests.csproj", "{8844EAC3-03E3-4F64-B462-9858F131A2BE}"
EndProject
Project("{9A19103F-16F7-4668-BE54-9A1E7A4F7556}") = "Sample.Data.Access.ADONET", "src\Sample.Data.Access.ADONET\Sample.Data.Access.ADONET.csproj", "{35942725-CEA3-4BA8-BF85-CCD16B9450D8}"
EndProject
Project("{9A19103F-16F7-4668-BE54-9A1E7A4F7556}") = "Sample.Data.Access.EFCore", "src\Sample.Data.Access.EFCore\Sample.Data.Access.EFCore.csproj", "{C8EB2D58-DFAD-4AEE-8353-5EE3C102322E}"
EndProject
Project("{9A19103F-16F7-4668-BE54-9A1E7A4F7556}") = "Sample.Core", "src\Sample.Core\Sample.Core.csproj", "{0BB5E0A3-6432-416B-9F64-F97563DAAE3C}"
EndProject
Project("{9A19103F-16F7-4668-BE54-9A1E7A4F7556}") = "Sample.Utilities", "src\Sample.Utilities\Sample.Utilities.csproj", "{5CFAB891-1F85-4674-82BD-07DFD289B35F}"
EndProject
Project("{9A19103F-16F7-4668-BE54-9A1E7A4F7556}") = "Sample.Utilities.Tests", "test\Sample.Utilities.Tests\Sample.Utilities.Tests.csproj", "{85C2E2DF-A69D-44E7-A127-7265B4D93C29}"
EndProject
Project("{2150E333-8FDC-42A3-9474-1A3956D46DE8}") = "02.Business", "02.Business", "{D55611E1-389C-40AA-9FFC-28E5BE426A4F}"
EndProject
Project("{9A19103F-16F7-4668-BE54-9A1E7A4F7556}") = "Sample.Business", "src\Sample.Business\Sample.Business.csproj", "{7309B262-47AC-4F78-886E-4636B39F914B}"
EndProject
Project("{FAE04EC0-301F-11D3-BF4B-00C04F79EFBC}") = "Sample.Business.Infrastructure", "src\Sample.Business.Infrastructure\Sample.Business.Infrastructure.csproj", "{9AFE0566-E9D4-46F3-9B3B-4C666FF9BE93}"
EndProject
Global
	GlobalSection(SolutionConfigurationPlatforms) = preSolution
		Debug|Any CPU = Debug|Any CPU
		Release|Any CPU = Release|Any CPU
	EndGlobalSection
	GlobalSection(ProjectConfigurationPlatforms) = postSolution
		{4612642D-67DF-4711-9612-7383D725B9B0}.Debug|Any CPU.ActiveCfg = Debug|Any CPU
		{4612642D-67DF-4711-9612-7383D725B9B0}.Debug|Any CPU.Build.0 = Debug|Any CPU
		{4612642D-67DF-4711-9612-7383D725B9B0}.Release|Any CPU.ActiveCfg = Release|Any CPU
		{4612642D-67DF-4711-9612-7383D725B9B0}.Release|Any CPU.Build.0 = Release|Any CPU
		{DC582DC1-DA9D-43F8-B76E-1570560DF8F9}.Debug|Any CPU.ActiveCfg = Debug|Any CPU
		{DC582DC1-DA9D-43F8-B76E-1570560DF8F9}.Debug|Any CPU.Build.0 = Debug|Any CPU
		{DC582DC1-DA9D-43F8-B76E-1570560DF8F9}.Release|Any CPU.ActiveCfg = Release|Any CPU
		{DC582DC1-DA9D-43F8-B76E-1570560DF8F9}.Release|Any CPU.Build.0 = Release|Any CPU
		{BF64191D-3725-4E90-82F9-DA2810098F6C}.Debug|Any CPU.ActiveCfg = Debug|Any CPU
		{BF64191D-3725-4E90-82F9-DA2810098F6C}.Debug|Any CPU.Build.0 = Debug|Any CPU
		{BF64191D-3725-4E90-82F9-DA2810098F6C}.Release|Any CPU.ActiveCfg = Release|Any CPU
		{BF64191D-3725-4E90-82F9-DA2810098F6C}.Release|Any CPU.Build.0 = Release|Any CPU
		{86C372B4-D5BC-40C0-A488-57BF7F00CAE3}.Debug|Any CPU.ActiveCfg = Debug|Any CPU
		{86C372B4-D5BC-40C0-A488-57BF7F00CAE3}.Debug|Any CPU.Build.0 = Debug|Any CPU
		{86C372B4-D5BC-40C0-A488-57BF7F00CAE3}.Release|Any CPU.ActiveCfg = Release|Any CPU
		{86C372B4-D5BC-40C0-A488-57BF7F00CAE3}.Release|Any CPU.Build.0 = Release|Any CPU
		{95CA7AA9-5C3F-40E1-87C2-E58F49EA299F}.Debug|Any CPU.ActiveCfg = Debug|Any CPU
		{95CA7AA9-5C3F-40E1-87C2-E58F49EA299F}.Debug|Any CPU.Build.0 = Debug|Any CPU
		{95CA7AA9-5C3F-40E1-87C2-E58F49EA299F}.Release|Any CPU.ActiveCfg = Release|Any CPU
		{95CA7AA9-5C3F-40E1-87C2-E58F49EA299F}.Release|Any CPU.Build.0 = Release|Any CPU
		{0AA3F92C-9F77-40A2-8163-DFB99E0FC761}.Debug|Any CPU.ActiveCfg = Debug|Any CPU
		{0AA3F92C-9F77-40A2-8163-DFB99E0FC761}.Debug|Any CPU.Build.0 = Debug|Any CPU
		{0AA3F92C-9F77-40A2-8163-DFB99E0FC761}.Release|Any CPU.ActiveCfg = Release|Any CPU
		{0AA3F92C-9F77-40A2-8163-DFB99E0FC761}.Release|Any CPU.Build.0 = Release|Any CPU
		{44AF9C1B-8F0C-4189-8615-7D7FAB687FBD}.Debug|Any CPU.ActiveCfg = Debug|Any CPU
		{44AF9C1B-8F0C-4189-8615-7D7FAB687FBD}.Debug|Any CPU.Build.0 = Debug|Any CPU
		{44AF9C1B-8F0C-4189-8615-7D7FAB687FBD}.Release|Any CPU.ActiveCfg = Release|Any CPU
		{44AF9C1B-8F0C-4189-8615-7D7FAB687FBD}.Release|Any CPU.Build.0 = Release|Any CPU
		{C506316E-9DD8-4BE6-8698-33B119D8F586}.Debug|Any CPU.ActiveCfg = Debug|Any CPU
		{C506316E-9DD8-4BE6-8698-33B119D8F586}.Debug|Any CPU.Build.0 = Debug|Any CPU
		{C506316E-9DD8-4BE6-8698-33B119D8F586}.Release|Any CPU.ActiveCfg = Release|Any CPU
		{C506316E-9DD8-4BE6-8698-33B119D8F586}.Release|Any CPU.Build.0 = Release|Any CPU
		{695C4698-0508-4803-8369-FB0715470F94}.Debug|Any CPU.ActiveCfg = Debug|Any CPU
		{695C4698-0508-4803-8369-FB0715470F94}.Debug|Any CPU.Build.0 = Debug|Any CPU
		{695C4698-0508-4803-8369-FB0715470F94}.Release|Any CPU.ActiveCfg = Release|Any CPU
		{695C4698-0508-4803-8369-FB0715470F94}.Release|Any CPU.Build.0 = Release|Any CPU
		{35F66CAF-9740-41CC-84E0-0E22CBFC96A6}.Debug|Any CPU.ActiveCfg = Debug|Any CPU
		{35F66CAF-9740-41CC-84E0-0E22CBFC96A6}.Debug|Any CPU.Build.0 = Debug|Any CPU
		{35F66CAF-9740-41CC-84E0-0E22CBFC96A6}.Release|Any CPU.ActiveCfg = Release|Any CPU
		{35F66CAF-9740-41CC-84E0-0E22CBFC96A6}.Release|Any CPU.Build.0 = Release|Any CPU
		{E9B8B147-0F74-4774-AE57-4D67CEB9EEB5}.Debug|Any CPU.ActiveCfg = Debug|Any CPU
		{E9B8B147-0F74-4774-AE57-4D67CEB9EEB5}.Debug|Any CPU.Build.0 = Debug|Any CPU
		{E9B8B147-0F74-4774-AE57-4D67CEB9EEB5}.Release|Any CPU.ActiveCfg = Release|Any CPU
		{E9B8B147-0F74-4774-AE57-4D67CEB9EEB5}.Release|Any CPU.Build.0 = Release|Any CPU
		{8844EAC3-03E3-4F64-B462-9858F131A2BE}.Debug|Any CPU.ActiveCfg = Debug|Any CPU
		{8844EAC3-03E3-4F64-B462-9858F131A2BE}.Debug|Any CPU.Build.0 = Debug|Any CPU
		{8844EAC3-03E3-4F64-B462-9858F131A2BE}.Release|Any CPU.ActiveCfg = Release|Any CPU
		{8844EAC3-03E3-4F64-B462-9858F131A2BE}.Release|Any CPU.Build.0 = Release|Any CPU
		{35942725-CEA3-4BA8-BF85-CCD16B9450D8}.Debug|Any CPU.ActiveCfg = Debug|Any CPU
		{35942725-CEA3-4BA8-BF85-CCD16B9450D8}.Debug|Any CPU.Build.0 = Debug|Any CPU
		{35942725-CEA3-4BA8-BF85-CCD16B9450D8}.Release|Any CPU.ActiveCfg = Release|Any CPU
		{35942725-CEA3-4BA8-BF85-CCD16B9450D8}.Release|Any CPU.Build.0 = Release|Any CPU
		{C8EB2D58-DFAD-4AEE-8353-5EE3C102322E}.Debug|Any CPU.ActiveCfg = Debug|Any CPU
		{C8EB2D58-DFAD-4AEE-8353-5EE3C102322E}.Debug|Any CPU.Build.0 = Debug|Any CPU
		{C8EB2D58-DFAD-4AEE-8353-5EE3C102322E}.Release|Any CPU.ActiveCfg = Release|Any CPU
		{C8EB2D58-DFAD-4AEE-8353-5EE3C102322E}.Release|Any CPU.Build.0 = Release|Any CPU
		{0BB5E0A3-6432-416B-9F64-F97563DAAE3C}.Debug|Any CPU.ActiveCfg = Debug|Any CPU
		{0BB5E0A3-6432-416B-9F64-F97563DAAE3C}.Debug|Any CPU.Build.0 = Debug|Any CPU
		{0BB5E0A3-6432-416B-9F64-F97563DAAE3C}.Release|Any CPU.ActiveCfg = Release|Any CPU
		{0BB5E0A3-6432-416B-9F64-F97563DAAE3C}.Release|Any CPU.Build.0 = Release|Any CPU
		{5CFAB891-1F85-4674-82BD-07DFD289B35F}.Debug|Any CPU.ActiveCfg = Debug|Any CPU
		{5CFAB891-1F85-4674-82BD-07DFD289B35F}.Debug|Any CPU.Build.0 = Debug|Any CPU
		{5CFAB891-1F85-4674-82BD-07DFD289B35F}.Release|Any CPU.ActiveCfg = Release|Any CPU
		{5CFAB891-1F85-4674-82BD-07DFD289B35F}.Release|Any CPU.Build.0 = Release|Any CPU
		{85C2E2DF-A69D-44E7-A127-7265B4D93C29}.Debug|Any CPU.ActiveCfg = Debug|Any CPU
		{85C2E2DF-A69D-44E7-A127-7265B4D93C29}.Debug|Any CPU.Build.0 = Debug|Any CPU
		{85C2E2DF-A69D-44E7-A127-7265B4D93C29}.Release|Any CPU.ActiveCfg = Release|Any CPU
		{85C2E2DF-A69D-44E7-A127-7265B4D93C29}.Release|Any CPU.Build.0 = Release|Any CPU
		{7309B262-47AC-4F78-886E-4636B39F914B}.Debug|Any CPU.ActiveCfg = Debug|Any CPU
		{7309B262-47AC-4F78-886E-4636B39F914B}.Debug|Any CPU.Build.0 = Debug|Any CPU
		{7309B262-47AC-4F78-886E-4636B39F914B}.Release|Any CPU.ActiveCfg = Release|Any CPU
		{7309B262-47AC-4F78-886E-4636B39F914B}.Release|Any CPU.Build.0 = Release|Any CPU
		{9AFE0566-E9D4-46F3-9B3B-4C666FF9BE93}.Debug|Any CPU.ActiveCfg = Debug|Any CPU
		{9AFE0566-E9D4-46F3-9B3B-4C666FF9BE93}.Debug|Any CPU.Build.0 = Debug|Any CPU
		{9AFE0566-E9D4-46F3-9B3B-4C666FF9BE93}.Release|Any CPU.ActiveCfg = Release|Any CPU
		{9AFE0566-E9D4-46F3-9B3B-4C666FF9BE93}.Release|Any CPU.Build.0 = Release|Any CPU
	EndGlobalSection
	GlobalSection(SolutionProperties) = preSolution
		HideSolutionNode = FALSE
	EndGlobalSection
	GlobalSection(NestedProjects) = preSolution
		{4612642D-67DF-4711-9612-7383D725B9B0} = {9E04CC6D-364B-4266-9767-EA6D8402CD7D}
		{DC582DC1-DA9D-43F8-B76E-1570560DF8F9} = {F8063EA8-1B48-4263-8905-6EE337E2E827}
		{BF64191D-3725-4E90-82F9-DA2810098F6C} = {AB06366D-8391-4721-BF40-2E845011FE91}
		{86C372B4-D5BC-40C0-A488-57BF7F00CAE3} = {AB06366D-8391-4721-BF40-2E845011FE91}
		{95CA7AA9-5C3F-40E1-87C2-E58F49EA299F} = {9E04CC6D-364B-4266-9767-EA6D8402CD7D}
		{0AA3F92C-9F77-40A2-8163-DFB99E0FC761} = {CBA40E9A-5AF3-4390-9CFC-6AB96FF2B376}
		{44AF9C1B-8F0C-4189-8615-7D7FAB687FBD} = {CBA40E9A-5AF3-4390-9CFC-6AB96FF2B376}
		{C506316E-9DD8-4BE6-8698-33B119D8F586} = {E96A23CB-6DE7-40E0-B4A9-9C5177A218A3}
		{695C4698-0508-4803-8369-FB0715470F94} = {9E04CC6D-364B-4266-9767-EA6D8402CD7D}
		{35F66CAF-9740-41CC-84E0-0E22CBFC96A6} = {58FE9954-59F8-4440-B6EE-F859872D08D7}
		{E9B8B147-0F74-4774-AE57-4D67CEB9EEB5} = {58FE9954-59F8-4440-B6EE-F859872D08D7}
		{8844EAC3-03E3-4F64-B462-9858F131A2BE} = {3A07D29B-58C6-4180-BFC5-AF555DB9C321}
		{35942725-CEA3-4BA8-BF85-CCD16B9450D8} = {E96A23CB-6DE7-40E0-B4A9-9C5177A218A3}
		{C8EB2D58-DFAD-4AEE-8353-5EE3C102322E} = {E96A23CB-6DE7-40E0-B4A9-9C5177A218A3}
		{0BB5E0A3-6432-416B-9F64-F97563DAAE3C} = {E96A23CB-6DE7-40E0-B4A9-9C5177A218A3}
		{5CFAB891-1F85-4674-82BD-07DFD289B35F} = {58FE9954-59F8-4440-B6EE-F859872D08D7}
		{85C2E2DF-A69D-44E7-A127-7265B4D93C29} = {3A07D29B-58C6-4180-BFC5-AF555DB9C321}
		{7309B262-47AC-4F78-886E-4636B39F914B} = {D55611E1-389C-40AA-9FFC-28E5BE426A4F}
		{9AFE0566-E9D4-46F3-9B3B-4C666FF9BE93} = {D55611E1-389C-40AA-9FFC-28E5BE426A4F}
	EndGlobalSection
	GlobalSection(ExtensibilityGlobals) = postSolution
		SolutionGuid = {383C701F-D5DB-40A5-A3CF-FA30E1A77A76}
	EndGlobalSection
EndGlobal
