
Microsoft Visual Studio Solution File, Format Version 12.00
# Visual Studio Version 16
VisualStudioVersion = 16.0.29102.190
MinimumVisualStudioVersion = 10.0.40219.1
Project("{9A19103F-16F7-4668-BE54-9A1E7A4F7556}") = "Sample.NetCore.Web", "src-project-dotnetcore\Sample.NetCore.Web\Sample.NetCore.Web.csproj", "{E121606C-B391-4D10-97C8-1624B80DCF57}"
EndProject
Project("{9A19103F-16F7-4668-BE54-9A1E7A4F7556}") = "Sample.NetCore.API", "src-project-dotnetcore\Sample.NetCore.API\Sample.NetCore.API.csproj", "{9994F58B-700A-4D03-8919-B17B6BD0F965}"
EndProject
Project("{9A19103F-16F7-4668-BE54-9A1E7A4F7556}") = "Sample.NetCore.ApplicationCore", "src-project-dotnetcore\Sample.NetCore.ApplicationCore\Sample.NetCore.ApplicationCore.csproj", "{06F5FA22-13DA-4903-B4F6-6B1C1F3E9085}"
EndProject
Project("{9A19103F-16F7-4668-BE54-9A1E7A4F7556}") = "Sample.NetCore.Domain", "src-project-dotnetcore\Sample.NetCore.Domain\Sample.NetCore.Domain.csproj", "{BB466275-DEA5-4885-90B5-215171EC596B}"
EndProject
Project("{9A19103F-16F7-4668-BE54-9A1E7A4F7556}") = "Sample.NetCore.Infrastructure", "src-project-dotnetcore\Sample.NetCore.Infrastructure\Sample.NetCore.Infrastructure.csproj", "{75F0AB78-0923-4D06-A71F-94E6E5FCFF11}"
EndProject
Project("{9A19103F-16F7-4668-BE54-9A1E7A4F7556}") = "Sample.NetCore.HostBackgroundTasks", "src-project-dotnetcore\Sample.NetCore.HostBackgroundTasks\Sample.NetCore.HostBackgroundTasks.csproj", "{1B27BFBD-9723-45BC-BE5D-58A81687EA49}"
EndProject
Project("{2150E333-8FDC-42A3-9474-1A3956D46DE8}") = "Solution Items", "Solution Items", "{C5A9F5A4-9CB4-4B9A-B95D-848CAE9BEC66}"
	ProjectSection(SolutionItems) = preProject
		build-backgroundtasks.bat = build-backgroundtasks.bat
	EndProjectSection
EndProject
Global
	GlobalSection(SolutionConfigurationPlatforms) = preSolution
		Debug|Any CPU = Debug|Any CPU
		Release|Any CPU = Release|Any CPU
	EndGlobalSection
	GlobalSection(ProjectConfigurationPlatforms) = postSolution
		{E121606C-B391-4D10-97C8-1624B80DCF57}.Debug|Any CPU.ActiveCfg = Debug|Any CPU
		{E121606C-B391-4D10-97C8-1624B80DCF57}.Debug|Any CPU.Build.0 = Debug|Any CPU
		{E121606C-B391-4D10-97C8-1624B80DCF57}.Release|Any CPU.ActiveCfg = Release|Any CPU
		{E121606C-B391-4D10-97C8-1624B80DCF57}.Release|Any CPU.Build.0 = Release|Any CPU
		{9994F58B-700A-4D03-8919-B17B6BD0F965}.Debug|Any CPU.ActiveCfg = Debug|Any CPU
		{9994F58B-700A-4D03-8919-B17B6BD0F965}.Debug|Any CPU.Build.0 = Debug|Any CPU
		{9994F58B-700A-4D03-8919-B17B6BD0F965}.Release|Any CPU.ActiveCfg = Release|Any CPU
		{9994F58B-700A-4D03-8919-B17B6BD0F965}.Release|Any CPU.Build.0 = Release|Any CPU
		{06F5FA22-13DA-4903-B4F6-6B1C1F3E9085}.Debug|Any CPU.ActiveCfg = Debug|Any CPU
		{06F5FA22-13DA-4903-B4F6-6B1C1F3E9085}.Debug|Any CPU.Build.0 = Debug|Any CPU
		{06F5FA22-13DA-4903-B4F6-6B1C1F3E9085}.Release|Any CPU.ActiveCfg = Release|Any CPU
		{06F5FA22-13DA-4903-B4F6-6B1C1F3E9085}.Release|Any CPU.Build.0 = Release|Any CPU
		{BB466275-DEA5-4885-90B5-215171EC596B}.Debug|Any CPU.ActiveCfg = Debug|Any CPU
		{BB466275-DEA5-4885-90B5-215171EC596B}.Debug|Any CPU.Build.0 = Debug|Any CPU
		{BB466275-DEA5-4885-90B5-215171EC596B}.Release|Any CPU.ActiveCfg = Release|Any CPU
		{BB466275-DEA5-4885-90B5-215171EC596B}.Release|Any CPU.Build.0 = Release|Any CPU
		{75F0AB78-0923-4D06-A71F-94E6E5FCFF11}.Debug|Any CPU.ActiveCfg = Debug|Any CPU
		{75F0AB78-0923-4D06-A71F-94E6E5FCFF11}.Debug|Any CPU.Build.0 = Debug|Any CPU
		{75F0AB78-0923-4D06-A71F-94E6E5FCFF11}.Release|Any CPU.ActiveCfg = Release|Any CPU
		{75F0AB78-0923-4D06-A71F-94E6E5FCFF11}.Release|Any CPU.Build.0 = Release|Any CPU
		{1B27BFBD-9723-45BC-BE5D-58A81687EA49}.Debug|Any CPU.ActiveCfg = Debug|Any CPU
		{1B27BFBD-9723-45BC-BE5D-58A81687EA49}.Debug|Any CPU.Build.0 = Debug|Any CPU
		{1B27BFBD-9723-45BC-BE5D-58A81687EA49}.Release|Any CPU.ActiveCfg = Release|Any CPU
		{1B27BFBD-9723-45BC-BE5D-58A81687EA49}.Release|Any CPU.Build.0 = Release|Any CPU
	EndGlobalSection
	GlobalSection(SolutionProperties) = preSolution
		HideSolutionNode = FALSE
	EndGlobalSection
	GlobalSection(ExtensibilityGlobals) = postSolution
		SolutionGuid = {F3DC7264-ED4B-4E54-9255-45F9FE11E7D3}
	EndGlobalSection
EndGlobal
