
Microsoft Visual Studio Solution File, Format Version 12.00
# Visual Studio Version 16
VisualStudioVersion = 16.0.28803.156
MinimumVisualStudioVersion = 10.0.40219.1
Project("{9A19103F-16F7-4668-BE54-9A1E7A4F7556}") = "Sample.API", "src-ddd\Sample.API\Sample.API.csproj", "{C9285A28-3C2F-482E-9395-827BEBEC6368}"
EndProject
Project("{9A19103F-16F7-4668-BE54-9A1E7A4F7556}") = "Sample.Domain", "src-ddd\Sample.Domain\Sample.Domain.csproj", "{7A53A69C-50F7-4D53-90AB-CE67AE400412}"
EndProject
Project("{9A19103F-16F7-4668-BE54-9A1E7A4F7556}") = "Sample.Infrastructure", "src-ddd\Sample.Infrastructure\Sample.Infrastructure.csproj", "{0ED805A6-3D47-4718-AE3A-9A9C1E380D8E}"
EndProject
Project("{9A19103F-16F7-4668-BE54-9A1E7A4F7556}") = "Sample.Web", "src-ddd\Sample.Web\Sample.Web.csproj", "{1C3A7E56-6836-4050-8130-EB36D37095D9}"
EndProject
Project("{FAE04EC0-301F-11D3-BF4B-00C04F79EFBC}") = "Sample.ConsoleApp", "src-ddd\Sample.ConsoleApp\Sample.ConsoleApp.csproj", "{5383925C-58EA-4140-8FBA-C4331414CA51}"
EndProject
Global
	GlobalSection(SolutionConfigurationPlatforms) = preSolution
		Debug|Any CPU = Debug|Any CPU
		Release|Any CPU = Release|Any CPU
	EndGlobalSection
	GlobalSection(ProjectConfigurationPlatforms) = postSolution
		{C9285A28-3C2F-482E-9395-827BEBEC6368}.Debug|Any CPU.ActiveCfg = Debug|Any CPU
		{C9285A28-3C2F-482E-9395-827BEBEC6368}.Debug|Any CPU.Build.0 = Debug|Any CPU
		{C9285A28-3C2F-482E-9395-827BEBEC6368}.Release|Any CPU.ActiveCfg = Release|Any CPU
		{C9285A28-3C2F-482E-9395-827BEBEC6368}.Release|Any CPU.Build.0 = Release|Any CPU
		{7A53A69C-50F7-4D53-90AB-CE67AE400412}.Debug|Any CPU.ActiveCfg = Debug|Any CPU
		{7A53A69C-50F7-4D53-90AB-CE67AE400412}.Debug|Any CPU.Build.0 = Debug|Any CPU
		{7A53A69C-50F7-4D53-90AB-CE67AE400412}.Release|Any CPU.ActiveCfg = Release|Any CPU
		{7A53A69C-50F7-4D53-90AB-CE67AE400412}.Release|Any CPU.Build.0 = Release|Any CPU
		{0ED805A6-3D47-4718-AE3A-9A9C1E380D8E}.Debug|Any CPU.ActiveCfg = Debug|Any CPU
		{0ED805A6-3D47-4718-AE3A-9A9C1E380D8E}.Debug|Any CPU.Build.0 = Debug|Any CPU
		{0ED805A6-3D47-4718-AE3A-9A9C1E380D8E}.Release|Any CPU.ActiveCfg = Release|Any CPU
		{0ED805A6-3D47-4718-AE3A-9A9C1E380D8E}.Release|Any CPU.Build.0 = Release|Any CPU
		{1C3A7E56-6836-4050-8130-EB36D37095D9}.Debug|Any CPU.ActiveCfg = Debug|Any CPU
		{1C3A7E56-6836-4050-8130-EB36D37095D9}.Debug|Any CPU.Build.0 = Debug|Any CPU
		{1C3A7E56-6836-4050-8130-EB36D37095D9}.Release|Any CPU.ActiveCfg = Release|Any CPU
		{1C3A7E56-6836-4050-8130-EB36D37095D9}.Release|Any CPU.Build.0 = Release|Any CPU
		{5383925C-58EA-4140-8FBA-C4331414CA51}.Debug|Any CPU.ActiveCfg = Debug|Any CPU
		{5383925C-58EA-4140-8FBA-C4331414CA51}.Debug|Any CPU.Build.0 = Debug|Any CPU
		{5383925C-58EA-4140-8FBA-C4331414CA51}.Release|Any CPU.ActiveCfg = Release|Any CPU
		{5383925C-58EA-4140-8FBA-C4331414CA51}.Release|Any CPU.Build.0 = Release|Any CPU
	EndGlobalSection
	GlobalSection(SolutionProperties) = preSolution
		HideSolutionNode = FALSE
	EndGlobalSection
	GlobalSection(ExtensibilityGlobals) = postSolution
		SolutionGuid = {D6AA1BCF-E029-47F3-B085-DEC36EED0D61}
	EndGlobalSection
EndGlobal
