
Microsoft Visual Studio Solution File, Format Version 12.00
# Visual Studio Version 16
VisualStudioVersion = 16.0.28803.156
MinimumVisualStudioVersion = 10.0.40219.1
Project("{9A19103F-16F7-4668-BE54-9A1E7A4F7556}") = "Sample.API", "src-ddd\Sample.API\Sample.API.csproj", "{C9285A28-3C2F-482E-9395-827BEBEC6368}"
EndProject
Project("{9A19103F-16F7-4668-BE54-9A1E7A4F7556}") = "Sample.Domain", "src-ddd\Sample.Domain\Sample.Domain.csproj", "{7A53A69C-50F7-4D53-90AB-CE67AE400412}"
EndProject
Project("{9A19103F-16F7-4668-BE54-9A1E7A4F7556}") = "Sample.Infrastructure", "src-ddd\Sample.Infrastructure\Sample.Infrastructure.csproj", "{0ED805A6-3D47-4718-AE3A-9A9C1E380D8E}"
EndProject
Project("{9A19103F-16F7-4668-BE54-9A1E7A4F7556}") = "Sample.Web", "src-ddd\Sample.Web\Sample.Web.csproj", "{1C3A7E56-6836-4050-8130-EB36D37095D9}"
EndProject
Project("{9A19103F-16F7-4668-BE54-9A1E7A4F7556}") = "Sample.ConsoleApp", "src-ddd\Sample.ConsoleApp\Sample.ConsoleApp.csproj", "{5383925C-58EA-4140-8FBA-C4331414CA51}"
EndProject
Project("{9A19103F-16F7-4668-BE54-9A1E7A4F7556}") = "Sample.Infrastructure.Tests", "test-ddd\Sample.Infrastructure.Tests\Sample.Infrastructure.Tests.csproj", "{8B19B38C-A03B-4521-9CCC-F19AC4ECE850}"
EndProject
Project("{2150E333-8FDC-42A3-9474-1A3956D46DE8}") = "0.test", "0.test", "{E773DBBB-1B0A-4612-8696-76922C479236}"
EndProject
Project("{2150E333-8FDC-42A3-9474-1A3956D46DE8}") = "1.tools", "1.tools", "{AD784AF4-1FD7-4F13-95D0-CB92BBE4F8E3}"
EndProject
Project("{9A19103F-16F7-4668-BE54-9A1E7A4F7556}") = "Sample.Tools.GB.T2260.Build", "src-tools\Sample.Tools.GB.T2260.Build\Sample.Tools.GB.T2260.Build.csproj", "{42618765-36EC-4902-8E93-1BA84509D5A4}"
EndProject
Project("{2150E333-8FDC-42A3-9474-1A3956D46DE8}") = "2.PresentationLayer", "2.PresentationLayer", "{28CE44DB-6AF5-44B7-9824-9980475EA22B}"
EndProject
Global
	GlobalSection(SolutionConfigurationPlatforms) = preSolution
		Debug|Any CPU = Debug|Any CPU
		Release|Any CPU = Release|Any CPU
	EndGlobalSection
	GlobalSection(ProjectConfigurationPlatforms) = postSolution
		{C9285A28-3C2F-482E-9395-827BEBEC6368}.Debug|Any CPU.ActiveCfg = Debug|Any CPU
		{C9285A28-3C2F-482E-9395-827BEBEC6368}.Debug|Any CPU.Build.0 = Debug|Any CPU
		{C9285A28-3C2F-482E-9395-827BEBEC6368}.Release|Any CPU.ActiveCfg = Release|Any CPU
		{C9285A28-3C2F-482E-9395-827BEBEC6368}.Release|Any CPU.Build.0 = Release|Any CPU
		{7A53A69C-50F7-4D53-90AB-CE67AE400412}.Debug|Any CPU.ActiveCfg = Debug|Any CPU
		{7A53A69C-50F7-4D53-90AB-CE67AE400412}.Debug|Any CPU.Build.0 = Debug|Any CPU
		{7A53A69C-50F7-4D53-90AB-CE67AE400412}.Release|Any CPU.ActiveCfg = Release|Any CPU
		{7A53A69C-50F7-4D53-90AB-CE67AE400412}.Release|Any CPU.Build.0 = Release|Any CPU
		{0ED805A6-3D47-4718-AE3A-9A9C1E380D8E}.Debug|Any CPU.ActiveCfg = Debug|Any CPU
		{0ED805A6-3D47-4718-AE3A-9A9C1E380D8E}.Debug|Any CPU.Build.0 = Debug|Any CPU
		{0ED805A6-3D47-4718-AE3A-9A9C1E380D8E}.Release|Any CPU.ActiveCfg = Release|Any CPU
		{0ED805A6-3D47-4718-AE3A-9A9C1E380D8E}.Release|Any CPU.Build.0 = Release|Any CPU
		{1C3A7E56-6836-4050-8130-EB36D37095D9}.Debug|Any CPU.ActiveCfg = Debug|Any CPU
		{1C3A7E56-6836-4050-8130-EB36D37095D9}.Debug|Any CPU.Build.0 = Debug|Any CPU
		{1C3A7E56-6836-4050-8130-EB36D37095D9}.Release|Any CPU.ActiveCfg = Release|Any CPU
		{1C3A7E56-6836-4050-8130-EB36D37095D9}.Release|Any CPU.Build.0 = Release|Any CPU
		{5383925C-58EA-4140-8FBA-C4331414CA51}.Debug|Any CPU.ActiveCfg = Debug|Any CPU
		{5383925C-58EA-4140-8FBA-C4331414CA51}.Debug|Any CPU.Build.0 = Debug|Any CPU
		{5383925C-58EA-4140-8FBA-C4331414CA51}.Release|Any CPU.ActiveCfg = Release|Any CPU
		{5383925C-58EA-4140-8FBA-C4331414CA51}.Release|Any CPU.Build.0 = Release|Any CPU
		{8B19B38C-A03B-4521-9CCC-F19AC4ECE850}.Debug|Any CPU.ActiveCfg = Debug|Any CPU
		{8B19B38C-A03B-4521-9CCC-F19AC4ECE850}.Debug|Any CPU.Build.0 = Debug|Any CPU
		{8B19B38C-A03B-4521-9CCC-F19AC4ECE850}.Release|Any CPU.ActiveCfg = Release|Any CPU
		{8B19B38C-A03B-4521-9CCC-F19AC4ECE850}.Release|Any CPU.Build.0 = Release|Any CPU
		{42618765-36EC-4902-8E93-1BA84509D5A4}.Debug|Any CPU.ActiveCfg = Debug|Any CPU
		{42618765-36EC-4902-8E93-1BA84509D5A4}.Debug|Any CPU.Build.0 = Debug|Any CPU
		{42618765-36EC-4902-8E93-1BA84509D5A4}.Release|Any CPU.ActiveCfg = Release|Any CPU
		{42618765-36EC-4902-8E93-1BA84509D5A4}.Release|Any CPU.Build.0 = Release|Any CPU
	EndGlobalSection
	GlobalSection(SolutionProperties) = preSolution
		HideSolutionNode = FALSE
	EndGlobalSection
	GlobalSection(NestedProjects) = preSolution
		{C9285A28-3C2F-482E-9395-827BEBEC6368} = {28CE44DB-6AF5-44B7-9824-9980475EA22B}
		{1C3A7E56-6836-4050-8130-EB36D37095D9} = {28CE44DB-6AF5-44B7-9824-9980475EA22B}
		{8B19B38C-A03B-4521-9CCC-F19AC4ECE850} = {E773DBBB-1B0A-4612-8696-76922C479236}
		{42618765-36EC-4902-8E93-1BA84509D5A4} = {AD784AF4-1FD7-4F13-95D0-CB92BBE4F8E3}
	EndGlobalSection
	GlobalSection(ExtensibilityGlobals) = postSolution
		SolutionGuid = {D6AA1BCF-E029-47F3-B085-DEC36EED0D61}
	EndGlobalSection
EndGlobal
