
Microsoft Visual Studio Solution File, Format Version 12.00
# Visual Studio Version 16
VisualStudioVersion = 16.0.29009.5
MinimumVisualStudioVersion = 10.0.40219.1
Project("{FAE04EC0-301F-11D3-BF4B-00C04F79EFBC}") = "Sample.API.Framework", "src-project-dotnet-framework\Sample.API.Framework\Sample.API.Framework.csproj", "{A5BDAEC1-6019-4789-ABFC-D0003D383E36}"
EndProject
Project("{FAE04EC0-301F-11D3-BF4B-00C04F79EFBC}") = "Sample.Winform", "src-project-dotnet-framework\Sample.Winform\Sample.Winform.csproj", "{8553BE42-68B7-44CA-A1C6-87A8104C02F2}"
EndProject
Project("{FAE04EC0-301F-11D3-BF4B-00C04F79EFBC}") = "Sample.Utilities.Framework", "src-project-dotnet-framework\Sample.Utilities.Framework\Sample.Utilities.Framework.csproj", "{FA3CE91D-AA96-4985-893D-D5B279ED19B3}"
EndProject
Project("{FAE04EC0-301F-11D3-BF4B-00C04F79EFBC}") = "Sample.Infrastructure.Framework", "src-project-dotnet-framework\Sample.Infrastructure.Framework\Sample.Infrastructure.Framework.csproj", "{3AC8020F-B9B3-4186-9BA6-72A1B75D138D}"
EndProject
Project("{FAE04EC0-301F-11D3-BF4B-00C04F79EFBC}") = "Sample.WindowsService", "src-project-dotnet-framework\Sample.WindowsService\Sample.WindowsService.csproj", "{A28C2C16-879C-429C-ACEA-E503BA14110E}"
EndProject
Project("{FAE04EC0-301F-11D3-BF4B-00C04F79EFBC}") = "Sample.Domain.Framework", "src-project-dotnet-framework\Sample.Domain.Framework\Sample.Domain.Framework.csproj", "{F4E41C0E-06F9-4FFD-9D1A-E41060014217}"
EndProject
Project("{FAE04EC0-301F-11D3-BF4B-00C04F79EFBC}") = "Sample.Web.Framework", "src-project-dotnet-framework\Sample.Web.Framework\Sample.Web.Framework.csproj", "{34929CFC-1556-44A2-96A9-558C2B63C5BE}"
EndProject
Global
	GlobalSection(SolutionConfigurationPlatforms) = preSolution
		Debug|Any CPU = Debug|Any CPU
		Release|Any CPU = Release|Any CPU
	EndGlobalSection
	GlobalSection(ProjectConfigurationPlatforms) = postSolution
		{A5BDAEC1-6019-4789-ABFC-D0003D383E36}.Debug|Any CPU.ActiveCfg = Debug|Any CPU
		{A5BDAEC1-6019-4789-ABFC-D0003D383E36}.Debug|Any CPU.Build.0 = Debug|Any CPU
		{A5BDAEC1-6019-4789-ABFC-D0003D383E36}.Release|Any CPU.ActiveCfg = Release|Any CPU
		{A5BDAEC1-6019-4789-ABFC-D0003D383E36}.Release|Any CPU.Build.0 = Release|Any CPU
		{8553BE42-68B7-44CA-A1C6-87A8104C02F2}.Debug|Any CPU.ActiveCfg = Debug|Any CPU
		{8553BE42-68B7-44CA-A1C6-87A8104C02F2}.Debug|Any CPU.Build.0 = Debug|Any CPU
		{8553BE42-68B7-44CA-A1C6-87A8104C02F2}.Release|Any CPU.ActiveCfg = Release|Any CPU
		{8553BE42-68B7-44CA-A1C6-87A8104C02F2}.Release|Any CPU.Build.0 = Release|Any CPU
		{FA3CE91D-AA96-4985-893D-D5B279ED19B3}.Debug|Any CPU.ActiveCfg = Debug|Any CPU
		{FA3CE91D-AA96-4985-893D-D5B279ED19B3}.Debug|Any CPU.Build.0 = Debug|Any CPU
		{FA3CE91D-AA96-4985-893D-D5B279ED19B3}.Release|Any CPU.ActiveCfg = Release|Any CPU
		{FA3CE91D-AA96-4985-893D-D5B279ED19B3}.Release|Any CPU.Build.0 = Release|Any CPU
		{3AC8020F-B9B3-4186-9BA6-72A1B75D138D}.Debug|Any CPU.ActiveCfg = Debug|Any CPU
		{3AC8020F-B9B3-4186-9BA6-72A1B75D138D}.Debug|Any CPU.Build.0 = Debug|Any CPU
		{3AC8020F-B9B3-4186-9BA6-72A1B75D138D}.Release|Any CPU.ActiveCfg = Release|Any CPU
		{3AC8020F-B9B3-4186-9BA6-72A1B75D138D}.Release|Any CPU.Build.0 = Release|Any CPU
		{A28C2C16-879C-429C-ACEA-E503BA14110E}.Debug|Any CPU.ActiveCfg = Debug|Any CPU
		{A28C2C16-879C-429C-ACEA-E503BA14110E}.Debug|Any CPU.Build.0 = Debug|Any CPU
		{A28C2C16-879C-429C-ACEA-E503BA14110E}.Release|Any CPU.ActiveCfg = Release|Any CPU
		{A28C2C16-879C-429C-ACEA-E503BA14110E}.Release|Any CPU.Build.0 = Release|Any CPU
		{F4E41C0E-06F9-4FFD-9D1A-E41060014217}.Debug|Any CPU.ActiveCfg = Debug|Any CPU
		{F4E41C0E-06F9-4FFD-9D1A-E41060014217}.Debug|Any CPU.Build.0 = Debug|Any CPU
		{F4E41C0E-06F9-4FFD-9D1A-E41060014217}.Release|Any CPU.ActiveCfg = Release|Any CPU
		{F4E41C0E-06F9-4FFD-9D1A-E41060014217}.Release|Any CPU.Build.0 = Release|Any CPU
		{34929CFC-1556-44A2-96A9-558C2B63C5BE}.Debug|Any CPU.ActiveCfg = Debug|Any CPU
		{34929CFC-1556-44A2-96A9-558C2B63C5BE}.Debug|Any CPU.Build.0 = Debug|Any CPU
		{34929CFC-1556-44A2-96A9-558C2B63C5BE}.Release|Any CPU.ActiveCfg = Release|Any CPU
		{34929CFC-1556-44A2-96A9-558C2B63C5BE}.Release|Any CPU.Build.0 = Release|Any CPU
	EndGlobalSection
	GlobalSection(SolutionProperties) = preSolution
		HideSolutionNode = FALSE
	EndGlobalSection
	GlobalSection(ExtensibilityGlobals) = postSolution
		SolutionGuid = {93DD3775-0062-425C-9D45-4B99D65D63C1}
	EndGlobalSection
EndGlobal
