
Microsoft Visual Studio Solution File, Format Version 12.00
# Visual Studio Version 16
VisualStudioVersion = 16.0.29009.5
MinimumVisualStudioVersion = 10.0.40219.1
Project("{9A19103F-16F7-4668-BE54-9A1E7A4F7556}") = "Temporary", "src-snippets\Temporary\Temporary.csproj", "{42112D0C-F32A-4DCD-92B0-0D9D7035D078}"
EndProject
Project("{9A19103F-16F7-4668-BE54-9A1E7A4F7556}") = "CodeSnippets", "src-snippets\CodeSnippets\CodeSnippets.csproj", "{BC394877-8EFB-4411-82E3-70966F3D4701}"
EndProject
Project("{9A19103F-16F7-4668-BE54-9A1E7A4F7556}") = "CodeSnippets.UnitTests", "test\CodeSnippets.UnitTests\CodeSnippets.UnitTests.csproj", "{583237C4-C100-4BA8-8656-FC43AA2461CA}"
EndProject
Project("{9A19103F-16F7-4668-BE54-9A1E7A4F7556}") = "Sample.DotNet.CSharp", "src-snippets\Sample.DotNet.CSharp\Sample.DotNet.CSharp.csproj", "{C17A9950-0C48-403D-B668-B2A48C531C64}"
EndProject
Project("{9A19103F-16F7-4668-BE54-9A1E7A4F7556}") = "Sample.DotNet.CSharp.ConsoleApp", "src-snippets\Sample.DotNet.CSharp.ConsoleApp\Sample.DotNet.CSharp.ConsoleApp.csproj", "{CF66D913-B76B-4FDA-A58E-93A82F448876}"
EndProject
Project("{2150E333-8FDC-42A3-9474-1A3956D46DE8}") = "0.Solution Items", "0.Solution Items", "{17952220-91EF-416D-A4F7-E3B55DA08AC6}"
	ProjectSection(SolutionItems) = preProject
		CodeSnippets.IdentityCenter.DockerHub.bat = CodeSnippets.IdentityCenter.DockerHub.bat
		README.md = README.md
		sonarqube.snippets.bat = sonarqube.snippets.bat
	EndProjectSection
EndProject
Project("{9A19103F-16F7-4668-BE54-9A1E7A4F7556}") = "CodeSnippets.Infrastructure", "src-snippets\CodeSnippets.Infrastructure\CodeSnippets.Infrastructure.csproj", "{6AE23149-B62B-4934-AE60-359D7088AE0C}"
EndProject
Project("{9A19103F-16F7-4668-BE54-9A1E7A4F7556}") = "CodeSnippets.WebMvc", "src-snippets\CodeSnippets.WebMvc\CodeSnippets.WebMvc.csproj", "{6704C60D-C322-404E-9401-072E7E2A977A}"
EndProject
Project("{9A19103F-16F7-4668-BE54-9A1E7A4F7556}") = "CodeSnippets.WebApi", "src-snippets\CodeSnippets.WebApi\CodeSnippets.WebApi.csproj", "{8AF0C1A2-F624-4AD1-8A91-E4E79C0D03AA}"
EndProject
Project("{2150E333-8FDC-42A3-9474-1A3956D46DE8}") = "0.Tests", "0.Tests", "{B8978203-C43F-4BA0-AE23-33812B0B348E}"
EndProject
Project("{2150E333-8FDC-42A3-9474-1A3956D46DE8}") = "3.Clients", "3.Clients", "{D96279E1-B323-4909-A97D-4EB3D407F0FC}"
EndProject
Project("{9A19103F-16F7-4668-BE54-9A1E7A4F7556}") = "CodeSnippets.WpfApp", "src-snippets\CodeSnippets.WpfApp\CodeSnippets.WpfApp.csproj", "{1E7E7A49-5EFA-42C3-8B2C-4BE8C0077BFF}"
EndProject
Project("{FAE04EC0-301F-11D3-BF4B-00C04F79EFBC}") = "CodeSnippets.Winform", "src-snippets\CodeSnippets.Winform\CodeSnippets.Winform.csproj", "{54499819-02BE-4590-994C-A00581C43D60}"
EndProject
Project("{2150E333-8FDC-42A3-9474-1A3956D46DE8}") = "99.Temporary", "99.Temporary", "{DC6DF50C-2D1A-4188-A098-401447C8BFE7}"
EndProject
Project("{2150E333-8FDC-42A3-9474-1A3956D46DE8}") = "1.CodeSnippets", "1.CodeSnippets", "{85DF7EB5-CCA9-48CA-A080-225A946EFA47}"
EndProject
Project("{9A19103F-16F7-4668-BE54-9A1E7A4F7556}") = "CodeSnippets.ConsoleApp", "src-snippets\CodeSnippets.ConsoleApp\CodeSnippets.ConsoleApp.csproj", "{A39A73B4-87E5-4886-A4F7-87862A3AA24D}"
EndProject
Project("{9A19103F-16F7-4668-BE54-9A1E7A4F7556}") = "CodeSnippets.IdentityCenter", "src-snippets\CodeSnippets.IdentityCenter\CodeSnippets.IdentityCenter.csproj", "{EBC36BBD-1E00-4F64-A0EF-C3EE0D6E9D3B}"
EndProject
Project("{2150E333-8FDC-42A3-9474-1A3956D46DE8}") = "2.Server", "2.Server", "{0A79A8D6-85C9-47D7-B9B7-1D5AB931182F}"
EndProject
Project("{2150E333-8FDC-42A3-9474-1A3956D46DE8}") = "4.Infrastructure", "4.Infrastructure", "{DE26E2C8-A05D-4728-90C0-35CFA290B594}"
EndProject
Project("{9A19103F-16F7-4668-BE54-9A1E7A4F7556}") = "CodeSnippets.Data", "src-snippets\CodeSnippets.Data\CodeSnippets.Data.csproj", "{08FBF266-3350-47D4-B915-60E573EF5877}"
EndProject
Project("{9A19103F-16F7-4668-BE54-9A1E7A4F7556}") = "CodeSnippets.Infrastructure.IntegrationTests", "test\CodeSnippets.Infrastructure.IntegrationTests\CodeSnippets.Infrastructure.IntegrationTests.csproj", "{5849252A-E510-4EBE-9999-339CB17557B4}"
EndProject
Project("{9A19103F-16F7-4668-BE54-9A1E7A4F7556}") = "CodeSnippets.IS4UI", "src-snippets\CodeSnippets.IS4UI\CodeSnippets.IS4UI.csproj", "{66C3A025-5013-4384-9A56-D63448A9D28D}"
EndProject
Project("{9A19103F-16F7-4668-BE54-9A1E7A4F7556}") = "CodeSnippets.IS4EF", "src-snippets\CodeSnippets.IS4EF\CodeSnippets.IS4EF.csproj", "{A28BFAB2-3086-4A4A-B248-69D08C970D8D}"
EndProject
Project("{9A19103F-16F7-4668-BE54-9A1E7A4F7556}") = "CodeSnippets.AspNet", "src-snippets\CodeSnippets.AspNet\CodeSnippets.AspNet.csproj", "{5C727D30-A879-40C3-ACE0-A1B03E6C5C56}"
EndProject
Project("{9A19103F-16F7-4668-BE54-9A1E7A4F7556}") = "CodeSnippets.WorkerService", "src-snippets\CodeSnippets.WorkerService\CodeSnippets.WorkerService.csproj", "{E58E42F3-15A7-4ACB-A0C7-520AE7FF0EFF}"
EndProject
Project("{9A19103F-16F7-4668-BE54-9A1E7A4F7556}") = "CodeSnippets.IS4AspId", "src-snippets\CodeSnippets.IS4AspId\CodeSnippets.IS4AspId.csproj", "{A1A2B1C6-466F-467A-BC99-B515A144676B}"
EndProject
Project("{2150E333-8FDC-42A3-9474-1A3956D46DE8}") = "IS4", "IS4", "{55C1D35A-425D-4FBC-9330-9FA13E11058A}"
EndProject
Project("{9A19103F-16F7-4668-BE54-9A1E7A4F7556}") = "CodeSnippets.IntegrationTests", "test\CodeSnippets.IntegrationTests\CodeSnippets.IntegrationTests.csproj", "{44802F5F-05C1-46DF-8F23-F3EA50878AB3}"
EndProject
Project("{9A19103F-16F7-4668-BE54-9A1E7A4F7556}") = "CodeSnippets.WebApi.UnitTests", "test\CodeSnippets.WebApi.UnitTests\CodeSnippets.WebApi.UnitTests.csproj", "{1680EF85-33BC-4164-B36C-7D80AEF631B6}"
EndProject
Project("{9A19103F-16F7-4668-BE54-9A1E7A4F7556}") = "CodeSnippets.AspNet.SecurityAndIdentity", "src-snippets\CodeSnippets.AspNet.SecurityAndIdentity\CodeSnippets.AspNet.SecurityAndIdentity.csproj", "{10B79554-EDBA-4071-A421-F80F774AAF03}"
EndProject
Project("{9A19103F-16F7-4668-BE54-9A1E7A4F7556}") = "CodeSnippets.AspNet.SecurityAndIdentity.Develop.Mvc", "src-snippets\CodeSnippets.AspNet.SecurityAndIdentity.Develop.Mvc\CodeSnippets.AspNet.SecurityAndIdentity.Develop.Mvc.csproj", "{E3D6DF08-31FC-4AF4-9A19-D1E75EEDD9B0}"
EndProject
Project("{9A19103F-16F7-4668-BE54-9A1E7A4F7556}") = "CodeSnippets.AspNet.SecurityAndIdentity.Develop.Razor", "src-snippets\CodeSnippets.AspNet.SecurityAndIdentity.Develop.Razor\CodeSnippets.AspNet.SecurityAndIdentity.Develop.Razor.csproj", "{321ED520-574F-4457-8B0F-F60E1A8B9124}"
EndProject
Project("{2150E333-8FDC-42A3-9474-1A3956D46DE8}") = "AspNet", "AspNet", "{8F1B1188-5216-40A3-B682-6764FA0B1B0C}"
EndProject
Project("{2150E333-8FDC-42A3-9474-1A3956D46DE8}") = "SecurityAndIdentity", "SecurityAndIdentity", "{F91C0365-4C90-4555-AA2E-12350E59A798}"
EndProject
Project("{FAE04EC0-301F-11D3-BF4B-00C04F79EFBC}") = "CodeSnippets.AspNet.RazorDevelop", "src-snippets\CodeSnippets.AspNet.Razor\CodeSnippets.AspNet.RazorDevelop\CodeSnippets.AspNet.RazorDevelop.csproj", "{1E49935A-CFA5-46B8-A000-2CB9A353E98D}"
EndProject
Global
	GlobalSection(SolutionConfigurationPlatforms) = preSolution
		Debug|Any CPU = Debug|Any CPU
		Release|Any CPU = Release|Any CPU
	EndGlobalSection
	GlobalSection(ProjectConfigurationPlatforms) = postSolution
		{42112D0C-F32A-4DCD-92B0-0D9D7035D078}.Debug|Any CPU.ActiveCfg = Debug|Any CPU
		{42112D0C-F32A-4DCD-92B0-0D9D7035D078}.Debug|Any CPU.Build.0 = Debug|Any CPU
		{42112D0C-F32A-4DCD-92B0-0D9D7035D078}.Release|Any CPU.ActiveCfg = Release|Any CPU
		{42112D0C-F32A-4DCD-92B0-0D9D7035D078}.Release|Any CPU.Build.0 = Release|Any CPU
		{BC394877-8EFB-4411-82E3-70966F3D4701}.Debug|Any CPU.ActiveCfg = Debug|Any CPU
		{BC394877-8EFB-4411-82E3-70966F3D4701}.Debug|Any CPU.Build.0 = Debug|Any CPU
		{BC394877-8EFB-4411-82E3-70966F3D4701}.Release|Any CPU.ActiveCfg = Release|Any CPU
		{BC394877-8EFB-4411-82E3-70966F3D4701}.Release|Any CPU.Build.0 = Release|Any CPU
		{583237C4-C100-4BA8-8656-FC43AA2461CA}.Debug|Any CPU.ActiveCfg = Debug|Any CPU
		{583237C4-C100-4BA8-8656-FC43AA2461CA}.Debug|Any CPU.Build.0 = Debug|Any CPU
		{583237C4-C100-4BA8-8656-FC43AA2461CA}.Release|Any CPU.ActiveCfg = Release|Any CPU
		{583237C4-C100-4BA8-8656-FC43AA2461CA}.Release|Any CPU.Build.0 = Release|Any CPU
		{C17A9950-0C48-403D-B668-B2A48C531C64}.Debug|Any CPU.ActiveCfg = Debug|Any CPU
		{C17A9950-0C48-403D-B668-B2A48C531C64}.Debug|Any CPU.Build.0 = Debug|Any CPU
		{C17A9950-0C48-403D-B668-B2A48C531C64}.Release|Any CPU.ActiveCfg = Release|Any CPU
		{C17A9950-0C48-403D-B668-B2A48C531C64}.Release|Any CPU.Build.0 = Release|Any CPU
		{CF66D913-B76B-4FDA-A58E-93A82F448876}.Debug|Any CPU.ActiveCfg = Debug|Any CPU
		{CF66D913-B76B-4FDA-A58E-93A82F448876}.Debug|Any CPU.Build.0 = Debug|Any CPU
		{CF66D913-B76B-4FDA-A58E-93A82F448876}.Release|Any CPU.ActiveCfg = Release|Any CPU
		{CF66D913-B76B-4FDA-A58E-93A82F448876}.Release|Any CPU.Build.0 = Release|Any CPU
		{6AE23149-B62B-4934-AE60-359D7088AE0C}.Debug|Any CPU.ActiveCfg = Debug|Any CPU
		{6AE23149-B62B-4934-AE60-359D7088AE0C}.Debug|Any CPU.Build.0 = Debug|Any CPU
		{6AE23149-B62B-4934-AE60-359D7088AE0C}.Release|Any CPU.ActiveCfg = Release|Any CPU
		{6AE23149-B62B-4934-AE60-359D7088AE0C}.Release|Any CPU.Build.0 = Release|Any CPU
		{6704C60D-C322-404E-9401-072E7E2A977A}.Debug|Any CPU.ActiveCfg = Debug|Any CPU
		{6704C60D-C322-404E-9401-072E7E2A977A}.Debug|Any CPU.Build.0 = Debug|Any CPU
		{6704C60D-C322-404E-9401-072E7E2A977A}.Release|Any CPU.ActiveCfg = Release|Any CPU
		{6704C60D-C322-404E-9401-072E7E2A977A}.Release|Any CPU.Build.0 = Release|Any CPU
		{8AF0C1A2-F624-4AD1-8A91-E4E79C0D03AA}.Debug|Any CPU.ActiveCfg = Debug|Any CPU
		{8AF0C1A2-F624-4AD1-8A91-E4E79C0D03AA}.Debug|Any CPU.Build.0 = Debug|Any CPU
		{8AF0C1A2-F624-4AD1-8A91-E4E79C0D03AA}.Release|Any CPU.ActiveCfg = Release|Any CPU
		{8AF0C1A2-F624-4AD1-8A91-E4E79C0D03AA}.Release|Any CPU.Build.0 = Release|Any CPU
		{1E7E7A49-5EFA-42C3-8B2C-4BE8C0077BFF}.Debug|Any CPU.ActiveCfg = Debug|Any CPU
		{1E7E7A49-5EFA-42C3-8B2C-4BE8C0077BFF}.Debug|Any CPU.Build.0 = Debug|Any CPU
		{1E7E7A49-5EFA-42C3-8B2C-4BE8C0077BFF}.Release|Any CPU.ActiveCfg = Release|Any CPU
		{1E7E7A49-5EFA-42C3-8B2C-4BE8C0077BFF}.Release|Any CPU.Build.0 = Release|Any CPU
		{54499819-02BE-4590-994C-A00581C43D60}.Debug|Any CPU.ActiveCfg = Debug|Any CPU
		{54499819-02BE-4590-994C-A00581C43D60}.Debug|Any CPU.Build.0 = Debug|Any CPU
		{54499819-02BE-4590-994C-A00581C43D60}.Release|Any CPU.ActiveCfg = Release|Any CPU
		{54499819-02BE-4590-994C-A00581C43D60}.Release|Any CPU.Build.0 = Release|Any CPU
		{A39A73B4-87E5-4886-A4F7-87862A3AA24D}.Debug|Any CPU.ActiveCfg = Debug|Any CPU
		{A39A73B4-87E5-4886-A4F7-87862A3AA24D}.Debug|Any CPU.Build.0 = Debug|Any CPU
		{A39A73B4-87E5-4886-A4F7-87862A3AA24D}.Release|Any CPU.ActiveCfg = Release|Any CPU
		{A39A73B4-87E5-4886-A4F7-87862A3AA24D}.Release|Any CPU.Build.0 = Release|Any CPU
		{EBC36BBD-1E00-4F64-A0EF-C3EE0D6E9D3B}.Debug|Any CPU.ActiveCfg = Debug|Any CPU
		{EBC36BBD-1E00-4F64-A0EF-C3EE0D6E9D3B}.Debug|Any CPU.Build.0 = Debug|Any CPU
		{EBC36BBD-1E00-4F64-A0EF-C3EE0D6E9D3B}.Release|Any CPU.ActiveCfg = Release|Any CPU
		{EBC36BBD-1E00-4F64-A0EF-C3EE0D6E9D3B}.Release|Any CPU.Build.0 = Release|Any CPU
		{08FBF266-3350-47D4-B915-60E573EF5877}.Debug|Any CPU.ActiveCfg = Debug|Any CPU
		{08FBF266-3350-47D4-B915-60E573EF5877}.Debug|Any CPU.Build.0 = Debug|Any CPU
		{08FBF266-3350-47D4-B915-60E573EF5877}.Release|Any CPU.ActiveCfg = Release|Any CPU
		{08FBF266-3350-47D4-B915-60E573EF5877}.Release|Any CPU.Build.0 = Release|Any CPU
		{5849252A-E510-4EBE-9999-339CB17557B4}.Debug|Any CPU.ActiveCfg = Debug|Any CPU
		{5849252A-E510-4EBE-9999-339CB17557B4}.Debug|Any CPU.Build.0 = Debug|Any CPU
		{5849252A-E510-4EBE-9999-339CB17557B4}.Release|Any CPU.ActiveCfg = Release|Any CPU
		{5849252A-E510-4EBE-9999-339CB17557B4}.Release|Any CPU.Build.0 = Release|Any CPU
		{66C3A025-5013-4384-9A56-D63448A9D28D}.Debug|Any CPU.ActiveCfg = Debug|Any CPU
		{66C3A025-5013-4384-9A56-D63448A9D28D}.Debug|Any CPU.Build.0 = Debug|Any CPU
		{66C3A025-5013-4384-9A56-D63448A9D28D}.Release|Any CPU.ActiveCfg = Release|Any CPU
		{66C3A025-5013-4384-9A56-D63448A9D28D}.Release|Any CPU.Build.0 = Release|Any CPU
		{A28BFAB2-3086-4A4A-B248-69D08C970D8D}.Debug|Any CPU.ActiveCfg = Debug|Any CPU
		{A28BFAB2-3086-4A4A-B248-69D08C970D8D}.Debug|Any CPU.Build.0 = Debug|Any CPU
		{A28BFAB2-3086-4A4A-B248-69D08C970D8D}.Release|Any CPU.ActiveCfg = Release|Any CPU
		{A28BFAB2-3086-4A4A-B248-69D08C970D8D}.Release|Any CPU.Build.0 = Release|Any CPU
		{5C727D30-A879-40C3-ACE0-A1B03E6C5C56}.Debug|Any CPU.ActiveCfg = Debug|Any CPU
		{5C727D30-A879-40C3-ACE0-A1B03E6C5C56}.Debug|Any CPU.Build.0 = Debug|Any CPU
		{5C727D30-A879-40C3-ACE0-A1B03E6C5C56}.Release|Any CPU.ActiveCfg = Release|Any CPU
		{5C727D30-A879-40C3-ACE0-A1B03E6C5C56}.Release|Any CPU.Build.0 = Release|Any CPU
		{E58E42F3-15A7-4ACB-A0C7-520AE7FF0EFF}.Debug|Any CPU.ActiveCfg = Debug|Any CPU
		{E58E42F3-15A7-4ACB-A0C7-520AE7FF0EFF}.Debug|Any CPU.Build.0 = Debug|Any CPU
		{E58E42F3-15A7-4ACB-A0C7-520AE7FF0EFF}.Release|Any CPU.ActiveCfg = Release|Any CPU
		{E58E42F3-15A7-4ACB-A0C7-520AE7FF0EFF}.Release|Any CPU.Build.0 = Release|Any CPU
		{A1A2B1C6-466F-467A-BC99-B515A144676B}.Debug|Any CPU.ActiveCfg = Debug|Any CPU
		{A1A2B1C6-466F-467A-BC99-B515A144676B}.Debug|Any CPU.Build.0 = Debug|Any CPU
		{A1A2B1C6-466F-467A-BC99-B515A144676B}.Release|Any CPU.ActiveCfg = Release|Any CPU
		{A1A2B1C6-466F-467A-BC99-B515A144676B}.Release|Any CPU.Build.0 = Release|Any CPU
		{44802F5F-05C1-46DF-8F23-F3EA50878AB3}.Debug|Any CPU.ActiveCfg = Debug|Any CPU
		{44802F5F-05C1-46DF-8F23-F3EA50878AB3}.Debug|Any CPU.Build.0 = Debug|Any CPU
		{44802F5F-05C1-46DF-8F23-F3EA50878AB3}.Release|Any CPU.ActiveCfg = Release|Any CPU
		{44802F5F-05C1-46DF-8F23-F3EA50878AB3}.Release|Any CPU.Build.0 = Release|Any CPU
		{1680EF85-33BC-4164-B36C-7D80AEF631B6}.Debug|Any CPU.ActiveCfg = Debug|Any CPU
		{1680EF85-33BC-4164-B36C-7D80AEF631B6}.Debug|Any CPU.Build.0 = Debug|Any CPU
		{1680EF85-33BC-4164-B36C-7D80AEF631B6}.Release|Any CPU.ActiveCfg = Release|Any CPU
		{1680EF85-33BC-4164-B36C-7D80AEF631B6}.Release|Any CPU.Build.0 = Release|Any CPU
		{10B79554-EDBA-4071-A421-F80F774AAF03}.Debug|Any CPU.ActiveCfg = Debug|Any CPU
		{10B79554-EDBA-4071-A421-F80F774AAF03}.Debug|Any CPU.Build.0 = Debug|Any CPU
		{10B79554-EDBA-4071-A421-F80F774AAF03}.Release|Any CPU.ActiveCfg = Release|Any CPU
		{10B79554-EDBA-4071-A421-F80F774AAF03}.Release|Any CPU.Build.0 = Release|Any CPU
		{E3D6DF08-31FC-4AF4-9A19-D1E75EEDD9B0}.Debug|Any CPU.ActiveCfg = Debug|Any CPU
		{E3D6DF08-31FC-4AF4-9A19-D1E75EEDD9B0}.Debug|Any CPU.Build.0 = Debug|Any CPU
		{E3D6DF08-31FC-4AF4-9A19-D1E75EEDD9B0}.Release|Any CPU.ActiveCfg = Release|Any CPU
		{E3D6DF08-31FC-4AF4-9A19-D1E75EEDD9B0}.Release|Any CPU.Build.0 = Release|Any CPU
		{321ED520-574F-4457-8B0F-F60E1A8B9124}.Debug|Any CPU.ActiveCfg = Debug|Any CPU
		{321ED520-574F-4457-8B0F-F60E1A8B9124}.Debug|Any CPU.Build.0 = Debug|Any CPU
		{321ED520-574F-4457-8B0F-F60E1A8B9124}.Release|Any CPU.ActiveCfg = Release|Any CPU
		{321ED520-574F-4457-8B0F-F60E1A8B9124}.Release|Any CPU.Build.0 = Release|Any CPU
		{1E49935A-CFA5-46B8-A000-2CB9A353E98D}.Debug|Any CPU.ActiveCfg = Debug|Any CPU
		{1E49935A-CFA5-46B8-A000-2CB9A353E98D}.Debug|Any CPU.Build.0 = Debug|Any CPU
		{1E49935A-CFA5-46B8-A000-2CB9A353E98D}.Release|Any CPU.ActiveCfg = Release|Any CPU
		{1E49935A-CFA5-46B8-A000-2CB9A353E98D}.Release|Any CPU.Build.0 = Release|Any CPU
	EndGlobalSection
	GlobalSection(SolutionProperties) = preSolution
		HideSolutionNode = FALSE
	EndGlobalSection
	GlobalSection(NestedProjects) = preSolution
		{42112D0C-F32A-4DCD-92B0-0D9D7035D078} = {DC6DF50C-2D1A-4188-A098-401447C8BFE7}
		{BC394877-8EFB-4411-82E3-70966F3D4701} = {85DF7EB5-CCA9-48CA-A080-225A946EFA47}
		{583237C4-C100-4BA8-8656-FC43AA2461CA} = {B8978203-C43F-4BA0-AE23-33812B0B348E}
		{C17A9950-0C48-403D-B668-B2A48C531C64} = {DC6DF50C-2D1A-4188-A098-401447C8BFE7}
		{CF66D913-B76B-4FDA-A58E-93A82F448876} = {DC6DF50C-2D1A-4188-A098-401447C8BFE7}
		{6AE23149-B62B-4934-AE60-359D7088AE0C} = {DE26E2C8-A05D-4728-90C0-35CFA290B594}
		{6704C60D-C322-404E-9401-072E7E2A977A} = {D96279E1-B323-4909-A97D-4EB3D407F0FC}
		{8AF0C1A2-F624-4AD1-8A91-E4E79C0D03AA} = {0A79A8D6-85C9-47D7-B9B7-1D5AB931182F}
		{1E7E7A49-5EFA-42C3-8B2C-4BE8C0077BFF} = {D96279E1-B323-4909-A97D-4EB3D407F0FC}
		{54499819-02BE-4590-994C-A00581C43D60} = {D96279E1-B323-4909-A97D-4EB3D407F0FC}
		{A39A73B4-87E5-4886-A4F7-87862A3AA24D} = {D96279E1-B323-4909-A97D-4EB3D407F0FC}
		{EBC36BBD-1E00-4F64-A0EF-C3EE0D6E9D3B} = {0A79A8D6-85C9-47D7-B9B7-1D5AB931182F}
		{08FBF266-3350-47D4-B915-60E573EF5877} = {DE26E2C8-A05D-4728-90C0-35CFA290B594}
		{5849252A-E510-4EBE-9999-339CB17557B4} = {B8978203-C43F-4BA0-AE23-33812B0B348E}
		{66C3A025-5013-4384-9A56-D63448A9D28D} = {55C1D35A-425D-4FBC-9330-9FA13E11058A}
		{A28BFAB2-3086-4A4A-B248-69D08C970D8D} = {55C1D35A-425D-4FBC-9330-9FA13E11058A}
		{5C727D30-A879-40C3-ACE0-A1B03E6C5C56} = {8F1B1188-5216-40A3-B682-6764FA0B1B0C}
		{E58E42F3-15A7-4ACB-A0C7-520AE7FF0EFF} = {0A79A8D6-85C9-47D7-B9B7-1D5AB931182F}
		{A1A2B1C6-466F-467A-BC99-B515A144676B} = {55C1D35A-425D-4FBC-9330-9FA13E11058A}
		{55C1D35A-425D-4FBC-9330-9FA13E11058A} = {0A79A8D6-85C9-47D7-B9B7-1D5AB931182F}
		{44802F5F-05C1-46DF-8F23-F3EA50878AB3} = {B8978203-C43F-4BA0-AE23-33812B0B348E}
		{1680EF85-33BC-4164-B36C-7D80AEF631B6} = {B8978203-C43F-4BA0-AE23-33812B0B348E}
		{10B79554-EDBA-4071-A421-F80F774AAF03} = {F91C0365-4C90-4555-AA2E-12350E59A798}
		{E3D6DF08-31FC-4AF4-9A19-D1E75EEDD9B0} = {F91C0365-4C90-4555-AA2E-12350E59A798}
		{321ED520-574F-4457-8B0F-F60E1A8B9124} = {F91C0365-4C90-4555-AA2E-12350E59A798}
		{8F1B1188-5216-40A3-B682-6764FA0B1B0C} = {85DF7EB5-CCA9-48CA-A080-225A946EFA47}
		{F91C0365-4C90-4555-AA2E-12350E59A798} = {8F1B1188-5216-40A3-B682-6764FA0B1B0C}
		{1E49935A-CFA5-46B8-A000-2CB9A353E98D} = {8F1B1188-5216-40A3-B682-6764FA0B1B0C}
	EndGlobalSection
	GlobalSection(ExtensibilityGlobals) = postSolution
		SolutionGuid = {468C8334-7CF1-4213-A40C-0A7300321346}
	EndGlobalSection
EndGlobal
