
Microsoft Visual Studio Solution File, Format Version 12.00
# Visual Studio Version 16
VisualStudioVersion = 16.0.29009.5
MinimumVisualStudioVersion = 10.0.40219.1
Project("{9A19103F-16F7-4668-BE54-9A1E7A4F7556}") = "Temporary", "src-snippets\Temporary\Temporary.csproj", "{42112D0C-F32A-4DCD-92B0-0D9D7035D078}"
EndProject
Project("{9A19103F-16F7-4668-BE54-9A1E7A4F7556}") = "CodeSnippets", "src-snippets\CodeSnippets\CodeSnippets.csproj", "{BC394877-8EFB-4411-82E3-70966F3D4701}"
EndProject
Project("{9A19103F-16F7-4668-BE54-9A1E7A4F7556}") = "CodeSnippets.UnitTests", "test\CodeSnippets.UnitTests\CodeSnippets.UnitTests.csproj", "{583237C4-C100-4BA8-8656-FC43AA2461CA}"
EndProject
Project("{9A19103F-16F7-4668-BE54-9A1E7A4F7556}") = "Sample.DotNet.CSharp", "src-snippets\Sample.DotNet.CSharp\Sample.DotNet.CSharp.csproj", "{C17A9950-0C48-403D-B668-B2A48C531C64}"
EndProject
Project("{9A19103F-16F7-4668-BE54-9A1E7A4F7556}") = "Sample.DotNet.CSharp.ConsoleApp", "src-snippets\Sample.DotNet.CSharp.ConsoleApp\Sample.DotNet.CSharp.ConsoleApp.csproj", "{CF66D913-B76B-4FDA-A58E-93A82F448876}"
EndProject
Project("{2150E333-8FDC-42A3-9474-1A3956D46DE8}") = "0.Solution Items", "0.Solution Items", "{17952220-91EF-416D-A4F7-E3B55DA08AC6}"
	ProjectSection(SolutionItems) = preProject
		.github\workflows\codesnippets.yml = .github\workflows\codesnippets.yml
		sonarqube.snippets.bat = sonarqube.snippets.bat
	EndProjectSection
EndProject
Project("{9A19103F-16F7-4668-BE54-9A1E7A4F7556}") = "CodeSnippets.Infrastructure", "src-snippets\CodeSnippets.Infrastructure\CodeSnippets.Infrastructure.csproj", "{6AE23149-B62B-4934-AE60-359D7088AE0C}"
EndProject
Project("{9A19103F-16F7-4668-BE54-9A1E7A4F7556}") = "CodeSnippets.WebMvc", "src-snippets\CodeSnippets.WebMvc\CodeSnippets.WebMvc.csproj", "{6704C60D-C322-404E-9401-072E7E2A977A}"
EndProject
Project("{9A19103F-16F7-4668-BE54-9A1E7A4F7556}") = "CodeSnippets.WebApi", "src-snippets\CodeSnippets.WebApi\CodeSnippets.WebApi.csproj", "{8AF0C1A2-F624-4AD1-8A91-E4E79C0D03AA}"
EndProject
Project("{2150E333-8FDC-42A3-9474-1A3956D46DE8}") = "1.Tests", "1.Tests", "{B8978203-C43F-4BA0-AE23-33812B0B348E}"
EndProject
Project("{2150E333-8FDC-42A3-9474-1A3956D46DE8}") = "2.Clients", "2.Clients", "{D96279E1-B323-4909-A97D-4EB3D407F0FC}"
EndProject
Project("{9A19103F-16F7-4668-BE54-9A1E7A4F7556}") = "CodeSnippets.WpfApp", "src-snippets\CodeSnippets.WpfApp\CodeSnippets.WpfApp.csproj", "{1E7E7A49-5EFA-42C3-8B2C-4BE8C0077BFF}"
EndProject
Project("{FAE04EC0-301F-11D3-BF4B-00C04F79EFBC}") = "CodeSnippets.Winform", "src-snippets\CodeSnippets.Winform\CodeSnippets.Winform.csproj", "{54499819-02BE-4590-994C-A00581C43D60}"
EndProject
Project("{2150E333-8FDC-42A3-9474-1A3956D46DE8}") = "99.Temporary", "99.Temporary", "{DC6DF50C-2D1A-4188-A098-401447C8BFE7}"
EndProject
Project("{2150E333-8FDC-42A3-9474-1A3956D46DE8}") = "3.CodeSnippets", "3.CodeSnippets", "{85DF7EB5-CCA9-48CA-A080-225A946EFA47}"
EndProject
Project("{9A19103F-16F7-4668-BE54-9A1E7A4F7556}") = "CodeSnippets.ConsoleApp", "src-snippets\CodeSnippets.ConsoleApp\CodeSnippets.ConsoleApp.csproj", "{A39A73B4-87E5-4886-A4F7-87862A3AA24D}"
EndProject
Global
	GlobalSection(SolutionConfigurationPlatforms) = preSolution
		Debug|Any CPU = Debug|Any CPU
		Release|Any CPU = Release|Any CPU
	EndGlobalSection
	GlobalSection(ProjectConfigurationPlatforms) = postSolution
		{42112D0C-F32A-4DCD-92B0-0D9D7035D078}.Debug|Any CPU.ActiveCfg = Debug|Any CPU
		{42112D0C-F32A-4DCD-92B0-0D9D7035D078}.Debug|Any CPU.Build.0 = Debug|Any CPU
		{42112D0C-F32A-4DCD-92B0-0D9D7035D078}.Release|Any CPU.ActiveCfg = Release|Any CPU
		{42112D0C-F32A-4DCD-92B0-0D9D7035D078}.Release|Any CPU.Build.0 = Release|Any CPU
		{BC394877-8EFB-4411-82E3-70966F3D4701}.Debug|Any CPU.ActiveCfg = Debug|Any CPU
		{BC394877-8EFB-4411-82E3-70966F3D4701}.Debug|Any CPU.Build.0 = Debug|Any CPU
		{BC394877-8EFB-4411-82E3-70966F3D4701}.Release|Any CPU.ActiveCfg = Release|Any CPU
		{BC394877-8EFB-4411-82E3-70966F3D4701}.Release|Any CPU.Build.0 = Release|Any CPU
		{583237C4-C100-4BA8-8656-FC43AA2461CA}.Debug|Any CPU.ActiveCfg = Debug|Any CPU
		{583237C4-C100-4BA8-8656-FC43AA2461CA}.Debug|Any CPU.Build.0 = Debug|Any CPU
		{583237C4-C100-4BA8-8656-FC43AA2461CA}.Release|Any CPU.ActiveCfg = Release|Any CPU
		{583237C4-C100-4BA8-8656-FC43AA2461CA}.Release|Any CPU.Build.0 = Release|Any CPU
		{C17A9950-0C48-403D-B668-B2A48C531C64}.Debug|Any CPU.ActiveCfg = Debug|Any CPU
		{C17A9950-0C48-403D-B668-B2A48C531C64}.Debug|Any CPU.Build.0 = Debug|Any CPU
		{C17A9950-0C48-403D-B668-B2A48C531C64}.Release|Any CPU.ActiveCfg = Release|Any CPU
		{C17A9950-0C48-403D-B668-B2A48C531C64}.Release|Any CPU.Build.0 = Release|Any CPU
		{CF66D913-B76B-4FDA-A58E-93A82F448876}.Debug|Any CPU.ActiveCfg = Debug|Any CPU
		{CF66D913-B76B-4FDA-A58E-93A82F448876}.Debug|Any CPU.Build.0 = Debug|Any CPU
		{CF66D913-B76B-4FDA-A58E-93A82F448876}.Release|Any CPU.ActiveCfg = Release|Any CPU
		{CF66D913-B76B-4FDA-A58E-93A82F448876}.Release|Any CPU.Build.0 = Release|Any CPU
		{6AE23149-B62B-4934-AE60-359D7088AE0C}.Debug|Any CPU.ActiveCfg = Debug|Any CPU
		{6AE23149-B62B-4934-AE60-359D7088AE0C}.Debug|Any CPU.Build.0 = Debug|Any CPU
		{6AE23149-B62B-4934-AE60-359D7088AE0C}.Release|Any CPU.ActiveCfg = Release|Any CPU
		{6AE23149-B62B-4934-AE60-359D7088AE0C}.Release|Any CPU.Build.0 = Release|Any CPU
		{6704C60D-C322-404E-9401-072E7E2A977A}.Debug|Any CPU.ActiveCfg = Debug|Any CPU
		{6704C60D-C322-404E-9401-072E7E2A977A}.Debug|Any CPU.Build.0 = Debug|Any CPU
		{6704C60D-C322-404E-9401-072E7E2A977A}.Release|Any CPU.ActiveCfg = Release|Any CPU
		{6704C60D-C322-404E-9401-072E7E2A977A}.Release|Any CPU.Build.0 = Release|Any CPU
		{8AF0C1A2-F624-4AD1-8A91-E4E79C0D03AA}.Debug|Any CPU.ActiveCfg = Debug|Any CPU
		{8AF0C1A2-F624-4AD1-8A91-E4E79C0D03AA}.Debug|Any CPU.Build.0 = Debug|Any CPU
		{8AF0C1A2-F624-4AD1-8A91-E4E79C0D03AA}.Release|Any CPU.ActiveCfg = Release|Any CPU
		{8AF0C1A2-F624-4AD1-8A91-E4E79C0D03AA}.Release|Any CPU.Build.0 = Release|Any CPU
		{1E7E7A49-5EFA-42C3-8B2C-4BE8C0077BFF}.Debug|Any CPU.ActiveCfg = Debug|Any CPU
		{1E7E7A49-5EFA-42C3-8B2C-4BE8C0077BFF}.Debug|Any CPU.Build.0 = Debug|Any CPU
		{1E7E7A49-5EFA-42C3-8B2C-4BE8C0077BFF}.Release|Any CPU.ActiveCfg = Release|Any CPU
		{1E7E7A49-5EFA-42C3-8B2C-4BE8C0077BFF}.Release|Any CPU.Build.0 = Release|Any CPU
		{54499819-02BE-4590-994C-A00581C43D60}.Debug|Any CPU.ActiveCfg = Debug|Any CPU
		{54499819-02BE-4590-994C-A00581C43D60}.Debug|Any CPU.Build.0 = Debug|Any CPU
		{54499819-02BE-4590-994C-A00581C43D60}.Release|Any CPU.ActiveCfg = Release|Any CPU
		{54499819-02BE-4590-994C-A00581C43D60}.Release|Any CPU.Build.0 = Release|Any CPU
		{A39A73B4-87E5-4886-A4F7-87862A3AA24D}.Debug|Any CPU.ActiveCfg = Debug|Any CPU
		{A39A73B4-87E5-4886-A4F7-87862A3AA24D}.Debug|Any CPU.Build.0 = Debug|Any CPU
		{A39A73B4-87E5-4886-A4F7-87862A3AA24D}.Release|Any CPU.ActiveCfg = Release|Any CPU
		{A39A73B4-87E5-4886-A4F7-87862A3AA24D}.Release|Any CPU.Build.0 = Release|Any CPU
	EndGlobalSection
	GlobalSection(SolutionProperties) = preSolution
		HideSolutionNode = FALSE
	EndGlobalSection
	GlobalSection(NestedProjects) = preSolution
		{42112D0C-F32A-4DCD-92B0-0D9D7035D078} = {DC6DF50C-2D1A-4188-A098-401447C8BFE7}
		{BC394877-8EFB-4411-82E3-70966F3D4701} = {85DF7EB5-CCA9-48CA-A080-225A946EFA47}
		{583237C4-C100-4BA8-8656-FC43AA2461CA} = {B8978203-C43F-4BA0-AE23-33812B0B348E}
		{C17A9950-0C48-403D-B668-B2A48C531C64} = {DC6DF50C-2D1A-4188-A098-401447C8BFE7}
		{CF66D913-B76B-4FDA-A58E-93A82F448876} = {DC6DF50C-2D1A-4188-A098-401447C8BFE7}
		{6AE23149-B62B-4934-AE60-359D7088AE0C} = {85DF7EB5-CCA9-48CA-A080-225A946EFA47}
		{6704C60D-C322-404E-9401-072E7E2A977A} = {D96279E1-B323-4909-A97D-4EB3D407F0FC}
		{8AF0C1A2-F624-4AD1-8A91-E4E79C0D03AA} = {D96279E1-B323-4909-A97D-4EB3D407F0FC}
		{1E7E7A49-5EFA-42C3-8B2C-4BE8C0077BFF} = {D96279E1-B323-4909-A97D-4EB3D407F0FC}
		{54499819-02BE-4590-994C-A00581C43D60} = {D96279E1-B323-4909-A97D-4EB3D407F0FC}
		{A39A73B4-87E5-4886-A4F7-87862A3AA24D} = {D96279E1-B323-4909-A97D-4EB3D407F0FC}
	EndGlobalSection
	GlobalSection(ExtensibilityGlobals) = postSolution
		SolutionGuid = {468C8334-7CF1-4213-A40C-0A7300321346}
	EndGlobalSection
EndGlobal
