
Microsoft Visual Studio Solution File, Format Version 12.00
# Visual Studio Version 16
VisualStudioVersion = 16.0.29806.167
MinimumVisualStudioVersion = 10.0.40219.1
Project("{FAE04EC0-301F-11D3-BF4B-00C04F79EFBC}") = "ApiGateway", "ApiGateway\ApiGateway.csproj", "{ADFCCDFE-6A02-427A-9E23-4D7133E5A893}"
EndProject
Global
	GlobalSection(SolutionConfigurationPlatforms) = preSolution
		Debug|Any CPU = Debug|Any CPU
		Release|Any CPU = Release|Any CPU
	EndGlobalSection
	GlobalSection(ProjectConfigurationPlatforms) = postSolution
		{ADFCCDFE-6A02-427A-9E23-4D7133E5A893}.Debug|Any CPU.ActiveCfg = Debug|Any CPU
		{ADFCCDFE-6A02-427A-9E23-4D7133E5A893}.Debug|Any CPU.Build.0 = Debug|Any CPU
		{ADFCCDFE-6A02-427A-9E23-4D7133E5A893}.Release|Any CPU.ActiveCfg = Release|Any CPU
		{ADFCCDFE-6A02-427A-9E23-4D7133E5A893}.Release|Any CPU.Build.0 = Release|Any CPU
	EndGlobalSection
	GlobalSection(SolutionProperties) = preSolution
		HideSolutionNode = FALSE
	EndGlobalSection
	GlobalSection(ExtensibilityGlobals) = postSolution
		SolutionGuid = {AE109D33-4126-4598-8882-2575B407DD07}
	EndGlobalSection
EndGlobal
