
Microsoft Visual Studio Solution File, Format Version 12.00
# Visual Studio Version 16
VisualStudioVersion = 16.0.30011.22
MinimumVisualStudioVersion = 10.0.40219.1
Project("{FAE04EC0-301F-11D3-BF4B-00C04F79EFBC}") = "AspNetCoreRateLimitDemo", "AspNetCoreRateLimitDemo\AspNetCoreRateLimitDemo.csproj", "{F848F197-2F89-4267-B795-6A5D73C80E80}"
EndProject
Global
	GlobalSection(SolutionConfigurationPlatforms) = preSolution
		Debug|Any CPU = Debug|Any CPU
		Release|Any CPU = Release|Any CPU
	EndGlobalSection
	GlobalSection(ProjectConfigurationPlatforms) = postSolution
		{F848F197-2F89-4267-B795-6A5D73C80E80}.Debug|Any CPU.ActiveCfg = Debug|Any CPU
		{F848F197-2F89-4267-B795-6A5D73C80E80}.Debug|Any CPU.Build.0 = Debug|Any CPU
		{F848F197-2F89-4267-B795-6A5D73C80E80}.Release|Any CPU.ActiveCfg = Release|Any CPU
		{F848F197-2F89-4267-B795-6A5D73C80E80}.Release|Any CPU.Build.0 = Release|Any CPU
	EndGlobalSection
	GlobalSection(SolutionProperties) = preSolution
		HideSolutionNode = FALSE
	EndGlobalSection
	GlobalSection(ExtensibilityGlobals) = postSolution
		SolutionGuid = {09AFF4D2-60BF-49F1-80DB-163B75A188AE}
	EndGlobalSection
EndGlobal
