
Microsoft Visual Studio Solution File, Format Version 12.00
# Visual Studio Version 16
VisualStudioVersion = 16.0.29911.84
MinimumVisualStudioVersion = 10.0.40219.1
Project("{FAE04EC0-301F-11D3-BF4B-00C04F79EFBC}") = "WindowsFormsApp", "WindowsFormsApp\WindowsFormsApp.csproj", "{A866D48F-3154-4E7F-B2D2-5B16E51597CA}"
EndProject
Project("{FAE04EC0-301F-11D3-BF4B-00C04F79EFBC}") = "ControlLib", "ControlLib\ControlLib.csproj", "{05354ABE-11FD-4CFB-ABC2-B093DA5DDC6E}"
EndProject
Global
	GlobalSection(SolutionConfigurationPlatforms) = preSolution
		Debug|Any CPU = Debug|Any CPU
		Release|Any CPU = Release|Any CPU
	EndGlobalSection
	GlobalSection(ProjectConfigurationPlatforms) = postSolution
		{A866D48F-3154-4E7F-B2D2-5B16E51597CA}.Debug|Any CPU.ActiveCfg = Debug|Any CPU
		{A866D48F-3154-4E7F-B2D2-5B16E51597CA}.Debug|Any CPU.Build.0 = Debug|Any CPU
		{A866D48F-3154-4E7F-B2D2-5B16E51597CA}.Release|Any CPU.ActiveCfg = Release|Any CPU
		{A866D48F-3154-4E7F-B2D2-5B16E51597CA}.Release|Any CPU.Build.0 = Release|Any CPU
		{05354ABE-11FD-4CFB-ABC2-B093DA5DDC6E}.Debug|Any CPU.ActiveCfg = Debug|Any CPU
		{05354ABE-11FD-4CFB-ABC2-B093DA5DDC6E}.Debug|Any CPU.Build.0 = Debug|Any CPU
		{05354ABE-11FD-4CFB-ABC2-B093DA5DDC6E}.Release|Any CPU.ActiveCfg = Release|Any CPU
		{05354ABE-11FD-4CFB-ABC2-B093DA5DDC6E}.Release|Any CPU.Build.0 = Release|Any CPU
	EndGlobalSection
	GlobalSection(SolutionProperties) = preSolution
		HideSolutionNode = FALSE
	EndGlobalSection
	GlobalSection(ExtensibilityGlobals) = postSolution
		SolutionGuid = {949CFF13-C5F0-4064-93CC-E552E030775D}
	EndGlobalSection
EndGlobal
