
Microsoft Visual Studio Solution File, Format Version 12.00
# Visual Studio Version 16
VisualStudioVersion = 16.0.30204.135
MinimumVisualStudioVersion = 10.0.40219.1
Project("{FAE04EC0-301F-11D3-BF4B-00C04F79EFBC}") = "WpfAppCore", "WpfAppCore\WpfAppCore.csproj", "{B11563D5-F67C-4787-AC5D-F30E15F183F4}"
EndProject
Global
	GlobalSection(SolutionConfigurationPlatforms) = preSolution
		Debug|Any CPU = Debug|Any CPU
		Release|Any CPU = Release|Any CPU
	EndGlobalSection
	GlobalSection(ProjectConfigurationPlatforms) = postSolution
		{B11563D5-F67C-4787-AC5D-F30E15F183F4}.Debug|Any CPU.ActiveCfg = Debug|Any CPU
		{B11563D5-F67C-4787-AC5D-F30E15F183F4}.Debug|Any CPU.Build.0 = Debug|Any CPU
		{B11563D5-F67C-4787-AC5D-F30E15F183F4}.Release|Any CPU.ActiveCfg = Release|Any CPU
		{B11563D5-F67C-4787-AC5D-F30E15F183F4}.Release|Any CPU.Build.0 = Release|Any CPU
	EndGlobalSection
	GlobalSection(SolutionProperties) = preSolution
		HideSolutionNode = FALSE
	EndGlobalSection
	GlobalSection(ExtensibilityGlobals) = postSolution
		SolutionGuid = {BCAF2F31-0E03-4D55-9BB8-B0DDC58AE158}
	EndGlobalSection
EndGlobal
