
Microsoft Visual Studio Solution File, Format Version 12.00
# Visual Studio Version 16
VisualStudioVersion = 16.0.30011.22
MinimumVisualStudioVersion = 10.0.40219.1
Project("{9A19103F-16F7-4668-BE54-9A1E7A4F7556}") = "ApolloConsoleApp", "ApolloConsoleApp\ApolloConsoleApp.csproj", "{4F7852A8-A9B8-4610-A65F-F4E959384377}"
EndProject
Project("{FAE04EC0-301F-11D3-BF4B-00C04F79EFBC}") = "ApolloAspNetDemo", "ApolloAspNetDemo\ApolloAspNetDemo.csproj", "{EFBC57B2-7027-4BA6-B9E7-B028B77DADA7}"
EndProject
Global
	GlobalSection(SolutionConfigurationPlatforms) = preSolution
		Debug|Any CPU = Debug|Any CPU
		Release|Any CPU = Release|Any CPU
	EndGlobalSection
	GlobalSection(ProjectConfigurationPlatforms) = postSolution
		{4F7852A8-A9B8-4610-A65F-F4E959384377}.Debug|Any CPU.ActiveCfg = Debug|Any CPU
		{4F7852A8-A9B8-4610-A65F-F4E959384377}.Debug|Any CPU.Build.0 = Debug|Any CPU
		{4F7852A8-A9B8-4610-A65F-F4E959384377}.Release|Any CPU.ActiveCfg = Release|Any CPU
		{4F7852A8-A9B8-4610-A65F-F4E959384377}.Release|Any CPU.Build.0 = Release|Any CPU
		{EFBC57B2-7027-4BA6-B9E7-B028B77DADA7}.Debug|Any CPU.ActiveCfg = Debug|Any CPU
		{EFBC57B2-7027-4BA6-B9E7-B028B77DADA7}.Debug|Any CPU.Build.0 = Debug|Any CPU
		{EFBC57B2-7027-4BA6-B9E7-B028B77DADA7}.Release|Any CPU.ActiveCfg = Release|Any CPU
		{EFBC57B2-7027-4BA6-B9E7-B028B77DADA7}.Release|Any CPU.Build.0 = Release|Any CPU
	EndGlobalSection
	GlobalSection(SolutionProperties) = preSolution
		HideSolutionNode = FALSE
	EndGlobalSection
	GlobalSection(ExtensibilityGlobals) = postSolution
		SolutionGuid = {3BFD7A1F-1FA2-4693-B647-6F84B2E9ED79}
	EndGlobalSection
EndGlobal
